// !$*UTF8*$!
{
	archiveVersion = 1;
	classes = {
	};
	objectVersion = 77;
	objects = {

/* Begin PBXBuildFile section */
		010ADD9F074C7EFC70689831 /* FreeHDBootSetupSheet.swift in Sources */ = {isa = PBXBuildFile; fileRef = 957FF3EB2E20F2FFEFBED606 /* FreeHDBootSetupSheet.swift */; };
		03D3DDFC8156C2F4988DAD38 /* SplitDumpCombiner.swift in Sources */ = {isa = PBXBuildFile; fileRef = 844753728657FF914B471643 /* SplitDumpCombiner.swift */; };
		06C7F98716671C3315332436 /* labels_GE.txt in Resources */ = {isa = PBXBuildFile; fileRef = 136E459C64EA4ECFD8E528F8 /* labels_GE.txt */; };
		0AC8EC4D3D517A9D21A70D27 /* HDLDumpError.swift in Sources */ = {isa = PBXBuildFile; fileRef = CA7A379BC3F3CD2E63DA65FA /* HDLDumpError.swift */; };
		0C13C48A4D160721EBC9122B /* ULE_ISR.ELF in Resources */ = {isa = PBXBuildFile; fileRef = F1374521E0A94495E7F96ED6 /* ULE_ISR.ELF */; };
		0CE238AD41728656204DAFC4 /* AddAppSheet.swift in Sources */ = {isa = PBXBuildFile; fileRef = 3A49B64A2D1075C7E1DC93C8 /* AddAppSheet.swift */; };
		0D068E9E19D34962F3D3CFA4 /* BatchAddPS1GameSheet.swift in Sources */ = {isa = PBXBuildFile; fileRef = DCB235A2E8A03775F21BE690 /* BatchAddPS1GameSheet.swift */; };
		121C3929D6E4B841927ABCC2 /* PopStarterSetupViewModel.swift in Sources */ = {isa = PBXBuildFile; fileRef = DC34C4AC52FAA4AE50027A38 /* PopStarterSetupViewModel.swift */; };
		1313A5712C4F49CAAB3C29B5 /* USBD.IRX in Resources */ = {isa = PBXBuildFile; fileRef = 445208ECA8139C8CDC48BD64 /* USBD.IRX */; };
		143865C0C1C9B39BD01A825A /* AppsService.swift in Sources */ = {isa = PBXBuildFile; fileRef = 991A174CDC6EE41359EF63D9 /* AppsService.swift */; };
		1A3F5E9F1C71F29EEB657C5E /* AppsDestinationTests.swift in Sources */ = {isa = PBXBuildFile; fileRef = FE15E5423740703D7DE8CA8F /* AppsDestinationTests.swift */; };
		1CACE924F585BFF0871D9266 /* USBHDFSD.IRX in Resources */ = {isa = PBXBuildFile; fileRef = 7DC4023C794321611684260A /* USBHDFSD.IRX */; };
		1ECB66C2E21B6DFD0A8BE811 /* IdentifiableError.swift in Sources */ = {isa = PBXBuildFile; fileRef = 199508D2F88BE350E0CDB8AC /* IdentifiableError.swift */; };
		22F3211020A889D8A1DBEBCA /* PopStarterSetupSheet.swift in Sources */ = {isa = PBXBuildFile; fileRef = B7A42988792CB9A7F6EB5977 /* PopStarterSetupSheet.swift */; };
		242A4BA0502887AE8E0FED29 /* GameInfoSheet.swift in Sources */ = {isa = PBXBuildFile; fileRef = 399733C861D2609DA2C34084 /* GameInfoSheet.swift */; };
		25CB3A785B81ACEE1F59CF85 /* CSVGameListParserTests.swift in Sources */ = {isa = PBXBuildFile; fileRef = EC0456E9ED588392536D7E2D /* CSVGameListParserTests.swift */; };
		26D72BA3E200E7235F88CF71 /* AddAppViewModelTests.swift in Sources */ = {isa = PBXBuildFile; fileRef = 5CE5B9D1F941F542DB781F66 /* AddAppViewModelTests.swift */; };
		2D2340C7DEC399496607972D /* POPSLOADER.ELF in Resources */ = {isa = PBXBuildFile; fileRef = 584A0E46157E1C3592338380 /* POPSLOADER.ELF */; };
		2FBDF2134FE66DC29A960180 /* strings_SP.txt in Resources */ = {isa = PBXBuildFile; fileRef = 54827C911030B8AA06259895 /* strings_SP.txt */; };
		30E9957C9268702B60D7A73D /* AddAppViewModel.swift in Sources */ = {isa = PBXBuildFile; fileRef = F8B27FB83C7D98E24982CC78 /* AddAppViewModel.swift */; };
		31EDD864C133FC5EBD6008D3 /* BatchInstallGameViewModel.swift in Sources */ = {isa = PBXBuildFile; fileRef = 583F14346BBB534852F973AD /* BatchInstallGameViewModel.swift */; };
		33A9D251018B1D54DFBAE39B /* FreeHDBootDestinationPathsTests.swift in Sources */ = {isa = PBXBuildFile; fileRef = 171C074DE56706B5AB6C598D /* FreeHDBootDestinationPathsTests.swift */; };
		34C0B173B436B19D06821201 /* labels_SP.txt in Resources */ = {isa = PBXBuildFile; fileRef = 74C6689BFA3548D1BE48CDCC /* labels_SP.txt */; };
		35F4D7C21225E39DED4CE651 /* FMCB_CFG.ELF in Resources */ = {isa = PBXBuildFile; fileRef = 108AB736FFD2203F3B56EF50 /* FMCB_CFG.ELF */; };
		38AB6AD6329A488FEFCF08FE /* FHDB.XLF in Resources */ = {isa = PBXBuildFile; fileRef = 2C1435AD0DC4EF21A2E0870E /* FHDB.XLF */; };
		39B97DB9357F7531DF6351A0 /* InstalledApp.swift in Sources */ = {isa = PBXBuildFile; fileRef = C54852F423CE46756317DE9D /* InstalledApp.swift */; };
		3B28E6755302464D7DB1EC6D /* PFSDestinationPaths.swift in Sources */ = {isa = PBXBuildFile; fileRef = 658D48D918DC95EB8EECCD5B /* PFSDestinationPaths.swift */; };
		3BEED7D09AD989E47CA12DE7 /* FREEHDB.CNF in Resources */ = {isa = PBXBuildFile; fileRef = 64095D65DA1E8196FF35B743 /* FREEHDB.CNF */; };
		3C7977C524A72B99D6BB0182 /* AddVideoViewModel.swift in Sources */ = {isa = PBXBuildFile; fileRef = 98AC78DD11D74B156984D676 /* AddVideoViewModel.swift */; };
		40710DC0DBCA3669FA8CA57A /* BundledBinaryLocator.swift in Sources */ = {isa = PBXBuildFile; fileRef = FC17F1C93607D134C19C6BB2 /* BundledBinaryLocator.swift */; };
		47A7664C00839347D1AC4C9D /* POPSTARTER.ELF in Resources */ = {isa = PBXBuildFile; fileRef = 2451D8A7FA5CFC315045505E /* POPSTARTER.ELF */; };
		48910914142E5E01EF8E5AF3 /* VideoListView.swift in Sources */ = {isa = PBXBuildFile; fileRef = D6E13D1592126A906FB7ABB8 /* VideoListView.swift */; };
		48BF563B3CB9269889A899FB /* HelperRegistrationViewModel.swift in Sources */ = {isa = PBXBuildFile; fileRef = BF9955E0A95BBCF512EB90C6 /* HelperRegistrationViewModel.swift */; };
		4EE7773DA1912325243E1605 /* labels_IT.txt in Resources */ = {isa = PBXBuildFile; fileRef = D91F95DF4E54E4C1FA2E7E21 /* labels_IT.txt */; };
		534322EA7166852062E6E0FD /* PS1GameIDDetector.swift in Sources */ = {isa = PBXBuildFile; fileRef = 3665B6E25F0841ACF44C99FE /* PS1GameIDDetector.swift */; };
		55697B34D3E0F051D80A8217 /* APATOCParsing.swift in Sources */ = {isa = PBXBuildFile; fileRef = 88C3577B91DC2CA4A823735F /* APATOCParsing.swift */; };
		58C887E107B628694F815A51 /* PFSDestinationPathsSMSMediaTests.swift in Sources */ = {isa = PBXBuildFile; fileRef = 93E8A619374AB6375091B8CC /* PFSDestinationPathsSMSMediaTests.swift */; };
		5C6172BD898949136A5E2B47 /* HelperApprovalSheet.swift in Sources */ = {isa = PBXBuildFile; fileRef = 93E91D04524CA27B9897CCA1 /* HelperApprovalSheet.swift */; };
		5CA989C6582D311BF7E9D5D9 /* BatchAddGameSheet.swift in Sources */ = {isa = PBXBuildFile; fileRef = A1E8FBA6E759723A493D444F /* BatchAddGameSheet.swift */; };
		5D8AE421DBDB3605F2D686F1 /* PFSShellSession.swift in Sources */ = {isa = PBXBuildFile; fileRef = E1C93FDD2C149514C07585DC /* PFSShellSession.swift */; };
		5E9C57B99A5D5C611AEE454C /* HelperProcessRunner.swift in Sources */ = {isa = PBXBuildFile; fileRef = 952CDC1B811CDF4B29F6A4F0 /* HelperProcessRunner.swift */; };
		611469E790B63EBC0750337D /* HDLDumpHelperListenerDelegate.swift in Sources */ = {isa = PBXBuildFile; fileRef = DD0C99A53EF71A3E0F1B5DEA /* HDLDumpHelperListenerDelegate.swift */; };
		6CDD1C8B1F869D67694745FE /* APATOCParsing.swift in Sources */ = {isa = PBXBuildFile; fileRef = 88C3577B91DC2CA4A823735F /* APATOCParsing.swift */; };
		6DBEDEA983BEE1754E4D65B4 /* AddPS1GameSheet.swift in Sources */ = {isa = PBXBuildFile; fileRef = 23E9E4628A4D3283B48FA9D1 /* AddPS1GameSheet.swift */; };
		6E73D43D4366BA61747863D0 /* PFSDestinationPathsAppsTests.swift in Sources */ = {isa = PBXBuildFile; fileRef = 97B2445A2A60EB04237990FC /* PFSDestinationPathsAppsTests.swift */; };
		6F6B45DB3C428FCF2A339366 /* VideoFile.swift in Sources */ = {isa = PBXBuildFile; fileRef = F16EF114D75D844313BABD89 /* VideoFile.swift */; };
		730DA767F4FA8DD88BDBF867 /* HDLGame.swift in Sources */ = {isa = PBXBuildFile; fileRef = 6A192C03D414DD1C76BCDD58 /* HDLGame.swift */; };
		74C85938A4FB2398EEFC8B8E /* NotoSansJP-Bold.otf in Resources */ = {isa = PBXBuildFile; fileRef = 48C788F686B9A5340ED73A9C /* NotoSansJP-Bold.otf */; };
		7A5882711435E88539930F85 /* strings_IT.txt in Resources */ = {isa = PBXBuildFile; fileRef = BC842B193FC0326F10D5B356 /* strings_IT.txt */; };
		7CE33C76AC5587CD5CC03257 /* PFSPartitionSizing.swift in Sources */ = {isa = PBXBuildFile; fileRef = 53955F73367231DAD2E827FB /* PFSPartitionSizing.swift */; };
		7EB54B2FFE819DC1330F1606 /* HDLDumpHelperService.swift in Sources */ = {isa = PBXBuildFile; fileRef = CC6F0B9036D6D4ED794B232E /* HDLDumpHelperService.swift */; };
		8143E4BE8EEB2FB76A2DCC0B /* PFSPartitionSizing.swift in Sources */ = {isa = PBXBuildFile; fileRef = 53955F73367231DAD2E827FB /* PFSPartitionSizing.swift */; };
		81660DC4F303CAD3027E275C /* PS1GameConverter.swift in Sources */ = {isa = PBXBuildFile; fileRef = E888622D091761D14693EBAE /* PS1GameConverter.swift */; };
		81DA5722083C4098B89853B0 /* MBR.XLF in Resources */ = {isa = PBXBuildFile; fileRef = AE6E54EC5C54E06E465C0219 /* MBR.XLF */; };
		849017545C53A271E0070758 /* SynchronizedDataBuffer.swift in Sources */ = {isa = PBXBuildFile; fileRef = E3F143143316B86468525416 /* SynchronizedDataBuffer.swift */; };
		84B88FFD7047A69C7DAE4C34 /* SynchronizedDataBuffer.swift in Sources */ = {isa = PBXBuildFile; fileRef = E3F143143316B86468525416 /* SynchronizedDataBuffer.swift */; };
		8BDBBD3964B562170AF7BEF9 /* Assets.xcassets in Resources */ = {isa = PBXBuildFile; fileRef = B686ADB794ED7D53C1A3293E /* Assets.xcassets */; };
		8C0682FC7361FB01BDDAB441 /* OPL110.ELF in Resources */ = {isa = PBXBuildFile; fileRef = DB190B41F22780C0BC15339C /* OPL110.ELF */; };
		8C1100B5E183BC96A3671331 /* InstallPS1GameViewModel.swift in Sources */ = {isa = PBXBuildFile; fileRef = 12D9CA7E69FC23739CA81C2E /* InstallPS1GameViewModel.swift */; };
		8C9ECCA396AAF4C37CE67E7E /* CueSheetAnalyzer.swift in Sources */ = {isa = PBXBuildFile; fileRef = 895BDD569D2EC686769AA7EC /* CueSheetAnalyzer.swift */; };
		8CAC9326794FEA403135E065 /* PS1GameListViewModel.swift in Sources */ = {isa = PBXBuildFile; fileRef = B6E52FA2C606405F592BE2F7 /* PS1GameListViewModel.swift */; };
		8CDA67461ABD70AAD8AE2DFB /* FSCK.XLF in Resources */ = {isa = PBXBuildFile; fileRef = 1761023FCA538BB0AAC967D3 /* FSCK.XLF */; };
		8DF939D5CD632C74AE535CD8 /* VideoListViewModel.swift in Sources */ = {isa = PBXBuildFile; fileRef = 3E912390E910E243FB26243F /* VideoListViewModel.swift */; };
		8E0298274EF91F344B38AEF4 /* AddGameSheet.swift in Sources */ = {isa = PBXBuildFile; fileRef = 579B976170D7F51A5D8CB9A3 /* AddGameSheet.swift */; };
		8EDB73DA4606D92298124167 /* NotoSans-Bold.ttf in Resources */ = {isa = PBXBuildFile; fileRef = 2FCFC6CCA0AD6C2A3DCF660E /* NotoSans-Bold.ttf */; };
		8EE9B4C3D46CD5C9DEC6C8D8 /* FreeHDBootService.swift in Sources */ = {isa = PBXBuildFile; fileRef = 62D6CF9CD1DBDEC5375FEB02 /* FreeHDBootService.swift */; };
		92F56FE931CC6868095122F6 /* PATCH_5.BIN in Resources */ = {isa = PBXBuildFile; fileRef = B9860A769EF08636BCBF1CC2 /* PATCH_5.BIN */; };
		9543A6354A39BC56D19B966C /* PFSPathComponentValidation.swift in Sources */ = {isa = PBXBuildFile; fileRef = 64F8CF9AFD115D38E0D15667 /* PFSPathComponentValidation.swift */; };
		9576875A45F218D9825F9E66 /* AppArchiveExtractorTests.swift in Sources */ = {isa = PBXBuildFile; fileRef = 6E5464E6BAA192315D8A1E28 /* AppArchiveExtractorTests.swift */; };
		98201790A1CE0B429E80BD20 /* strings_FR.txt in Resources */ = {isa = PBXBuildFile; fileRef = 23B3BFC977C37EC2676AFB5C /* strings_FR.txt */; };
		9932C575E08D0FAF22C03F0B /* HDLDumpProgressParserTests.swift in Sources */ = {isa = PBXBuildFile; fileRef = 6ECFC1DFC466A04ADAD00B83 /* HDLDumpProgressParserTests.swift */; };
		9A3221900478000FA3246516 /* strings_PO.txt in Resources */ = {isa = PBXBuildFile; fileRef = 319FDBE2D9CE9F8C5570B170 /* strings_PO.txt */; };
		9CC549CFCA7E04EB763EF161 /* BatchInstallPS1GameViewModel.swift in Sources */ = {isa = PBXBuildFile; fileRef = 4A07947A9BA3C3AC1795600D /* BatchInstallPS1GameViewModel.swift */; };
		9D1447480CD657CE731642DE /* PFSPathComponentValidation.swift in Sources */ = {isa = PBXBuildFile; fileRef = 64F8CF9AFD115D38E0D15667 /* PFSPathComponentValidation.swift */; };
		9D3BAD0E87F9F5D15880696B /* SMS.ELF in Resources */ = {isa = PBXBuildFile; fileRef = 95371246BB6621688F0C802A /* SMS.ELF */; };
		9D4ACF2E61E926325EE3CE6A /* HDLDumpHelperProtocol.swift in Sources */ = {isa = PBXBuildFile; fileRef = 800538CDE2FB45E533D8F32A /* HDLDumpHelperProtocol.swift */; };
		9DF617705C7A31D1311FA3A0 /* Disk.swift in Sources */ = {isa = PBXBuildFile; fileRef = 2D2B93C6850590FA3466325D /* Disk.swift */; };
		9F0E44DBA09F71F8A75F08DC /* GameListViewModel.swift in Sources */ = {isa = PBXBuildFile; fileRef = D18ACEA360378119CE30303C /* GameListViewModel.swift */; };
		9F5D205AFDCF3FE219AF6215 /* DriveSidebarView.swift in Sources */ = {isa = PBXBuildFile; fileRef = 23442CD85DC7A79F268C09F9 /* DriveSidebarView.swift */; };
		A0D661FF04FD37DF9022846B /* VideoFileTests.swift in Sources */ = {isa = PBXBuildFile; fileRef = 87B1AEEE12CE8DC9CAC78F3E /* VideoFileTests.swift */; };
		A17094758F23A098E6AA1E00 /* PS1GameServiceTests.swift in Sources */ = {isa = PBXBuildFile; fileRef = 6AAB7083C50369FA7FFB21C7 /* PS1GameServiceTests.swift */; };
		A272211C47A5FD94E4B95AF1 /* PopStarterSystemFileTests.swift in Sources */ = {isa = PBXBuildFile; fileRef = 66F482E2119747B57D0A2630 /* PopStarterSystemFileTests.swift */; };
		A431DB4CAE302CE3D7A70F35 /* FullDiskAccessSheet.swift in Sources */ = {isa = PBXBuildFile; fileRef = 75065051A670A11156987AF9 /* FullDiskAccessSheet.swift */; };
		A84809F90B569ACBD1638105 /* AppsListViewModel.swift in Sources */ = {isa = PBXBuildFile; fileRef = CE71B905F166310E237669F0 /* AppsListViewModel.swift */; };
		AA5969B017184B43258383F3 /* GameListView.swift in Sources */ = {isa = PBXBuildFile; fileRef = 3087C2C9ABB55A32703518A7 /* GameListView.swift */; };
		AD4E00EDA3B2584D76FF7B44 /* labels_DU.txt in Resources */ = {isa = PBXBuildFile; fileRef = D590FD5CE2F07D290BC6B280 /* labels_DU.txt */; };
		B2CB15D7A940391CE0C71A63 /* fonts.txt in Resources */ = {isa = PBXBuildFile; fileRef = ABBACD15DEAEF9355231E853 /* fonts.txt */; };
		B472FE13C8BE23EE69F0BBD7 /* GameArtworkService.swift in Sources */ = {isa = PBXBuildFile; fileRef = 08F94F329A5B83C6B493EDA1 /* GameArtworkService.swift */; };
		B67FB88558C212EC6546E423 /* SMSMediaService.swift in Sources */ = {isa = PBXBuildFile; fileRef = 6CE59AD7008A0295529501F5 /* SMSMediaService.swift */; };
		B69D473DC4A00D36727A4B2D /* GameArtworkFetcher.swift in Sources */ = {isa = PBXBuildFile; fileRef = CB39FF6365BFE7FDAE731683 /* GameArtworkFetcher.swift */; };
		B6D551AF16B579FCCC3CF5B1 /* labels_PO.txt in Resources */ = {isa = PBXBuildFile; fileRef = 2197E828D4A2F2817AFD4DD4 /* labels_PO.txt */; };
		B8776D21F6155FDDCFFCB7A1 /* ProgressSheet.swift in Sources */ = {isa = PBXBuildFile; fileRef = CCC3C7BABBE8D10AED0B8310 /* ProgressSheet.swift */; };
		B990AEFC3D11117A2BAB45FF /* CueSheetAnalyzerTests.swift in Sources */ = {isa = PBXBuildFile; fileRef = 2CDFFFD7A562C2985CEB8C8D /* CueSheetAnalyzerTests.swift */; };
		B9B8EDA3A6570FB82B054700 /* PopStarterSystemFilesService.swift in Sources */ = {isa = PBXBuildFile; fileRef = 19A36CE59643BA111C7956D1 /* PopStarterSystemFilesService.swift */; };
		B9BA06257DB2CAE694A6052E /* PopStarterSystemFile.swift in Sources */ = {isa = PBXBuildFile; fileRef = E3DB80BD440B8DF225921EB3 /* PopStarterSystemFile.swift */; };
		BBEB3C3BD3AE01982AADBE23 /* CoreAppsView.swift in Sources */ = {isa = PBXBuildFile; fileRef = D80586D075E685FDA2693657 /* CoreAppsView.swift */; };
		C5661D28C4FFC48C5A840D7A /* HDLDumpProgressParser.swift in Sources */ = {isa = PBXBuildFile; fileRef = AE1F299F181C9ACD10ECAEEC /* HDLDumpProgressParser.swift */; };
		C706FF7DAE65ACF7DF50BF2F /* FetchPS1ArtworkSheet.swift in Sources */ = {isa = PBXBuildFile; fileRef = 2ABCEBDB59E2FC38342929DC /* FetchPS1ArtworkSheet.swift */; };
		C738FEF07A895D53E88C361C /* HDLDumpHelperProtocol.swift in Sources */ = {isa = PBXBuildFile; fileRef = 800538CDE2FB45E533D8F32A /* HDLDumpHelperProtocol.swift */; };
		C7E8E6DFD472B463CE892CDE /* labels_FR.txt in Resources */ = {isa = PBXBuildFile; fileRef = 038E218A7D2BFE39988FE2D7 /* labels_FR.txt */; };
		C9C3515DC237CAAC4D81DDF9 /* main.swift in Sources */ = {isa = PBXBuildFile; fileRef = DAD1E737157680B11450F5BF /* main.swift */; };
		CA14A544AF978B46817D9AAD /* HelperToolBinaryLocator.swift in Sources */ = {isa = PBXBuildFile; fileRef = 4C540F0737520150AD5BCC25 /* HelperToolBinaryLocator.swift */; };
		CA6F5B346F6B873F70315DAC /* HDLDumpHelperClient.swift in Sources */ = {isa = PBXBuildFile; fileRef = A149988A4470B2C5147A4C9F /* HDLDumpHelperClient.swift */; };
		CB0A985B5CAB060FC89FF574 /* AppsDestination.swift in Sources */ = {isa = PBXBuildFile; fileRef = 67B6B8CC0B5BDCC7AC2EE9D6 /* AppsDestination.swift */; };
		CD3C967F307FA89B26EC67B4 /* strings_DU.txt in Resources */ = {isa = PBXBuildFile; fileRef = 28D0592084F4FAB7C72A642A /* strings_DU.txt */; };
		D07554F59666F28F8CD6D4C3 /* ENDVDPL.XRX in Resources */ = {isa = PBXBuildFile; fileRef = 10507773C0102634F2B8F236 /* ENDVDPL.XRX */; };
		D1F348167653AFE8246A6CB5 /* VideoConverter.swift in Sources */ = {isa = PBXBuildFile; fileRef = F360B264E283C22168609D6C /* VideoConverter.swift */; };
		D58CFB70ED40559EA3193AB9 /* HDLDumpService.swift in Sources */ = {isa = PBXBuildFile; fileRef = 53DF948E16FE98BEDC0372D5 /* HDLDumpService.swift */; };
		D7B836691717E5EEEEA01727 /* DriveListViewModel.swift in Sources */ = {isa = PBXBuildFile; fileRef = 174F959DEBAD91E51DDE30D9 /* DriveListViewModel.swift */; };
		D81322EE9659FA2472340975 /* FreeHDBootDestinationPaths.swift in Sources */ = {isa = PBXBuildFile; fileRef = 8749008C8E509627728605F7 /* FreeHDBootDestinationPaths.swift */; };
		D8D3AEC665DC17B7332F8935 /* strings_GE.txt in Resources */ = {isa = PBXBuildFile; fileRef = D4DC196924BEA261C3B4E22A /* strings_GE.txt */; };
		D9D55AE48702C54D1ED03B60 /* PopStarterSystemFilesViewModel.swift in Sources */ = {isa = PBXBuildFile; fileRef = 37712E11046C1DB2472C4542 /* PopStarterSystemFilesViewModel.swift */; };
		DB04663BCCD2F88713056B05 /* AppsListView.swift in Sources */ = {isa = PBXBuildFile; fileRef = BBD1C9BC91E9D8F43CF95FE1 /* AppsListView.swift */; };
		DC97D964B04BBFD456B09511 /* PFSPartitionSizingTests.swift in Sources */ = {isa = PBXBuildFile; fileRef = 232941A22BA34E7590AFEBB0 /* PFSPartitionSizingTests.swift */; };
		DD00D5E016907AFF11870B21 /* AddVideoViewModelTests.swift in Sources */ = {isa = PBXBuildFile; fileRef = 816091A1E46466A6AA35FAFE /* AddVideoViewModelTests.swift */; };
		DED3DF5CE32E9FB0FE659F73 /* PopStarterSystemFilesSection.swift in Sources */ = {isa = PBXBuildFile; fileRef = 933372313AB081B4F8C790F0 /* PopStarterSystemFilesSection.swift */; };
		DF3191BD8DE3D0CA07AA3E8C /* FetchPS1ArtworkViewModel.swift in Sources */ = {isa = PBXBuildFile; fileRef = 288F6B3E21A0EA654B852F0F /* FetchPS1ArtworkViewModel.swift */; };
		E103937CF22B89F9D2543C5F /* PS1Game.swift in Sources */ = {isa = PBXBuildFile; fileRef = B243306A82BFC5410860C036 /* PS1Game.swift */; };
		E4A5B954AE3155EF9550FC09 /* DiskDiscoveryService.swift in Sources */ = {isa = PBXBuildFile; fileRef = 9FC0F784D0782BFC86B63B48 /* DiskDiscoveryService.swift */; };
		E565BC0248DB15AAEBC1476B /* ContentView.swift in Sources */ = {isa = PBXBuildFile; fileRef = A1084A7F21F697B39B90B391 /* ContentView.swift */; };
		E8E36D128CB2875F96C398C7 /* AddVideoSheet.swift in Sources */ = {isa = PBXBuildFile; fileRef = 005B394DB6D6729580C759E8 /* AddVideoSheet.swift */; };
		ED2A311A17CFF651A03873AC /* InstallGameViewModel.swift in Sources */ = {isa = PBXBuildFile; fileRef = B894DA99F86C2155D5CB0C88 /* InstallGameViewModel.swift */; };
		F11F45195F9C19FE1BEA1B13 /* PS1GameListView.swift in Sources */ = {isa = PBXBuildFile; fileRef = 6FE7CD2FE31A40D6E072AD40 /* PS1GameListView.swift */; };
		F2BE1C260C7248A142D7B0B0 /* strings_JA.txt in Resources */ = {isa = PBXBuildFile; fileRef = 496944D3F8C161EA3D6CBDBA /* strings_JA.txt */; };
		F3A53FE8C7260D948A865C8D /* VideoConverterTests.swift in Sources */ = {isa = PBXBuildFile; fileRef = 7B315503936F67538868B5F9 /* VideoConverterTests.swift */; };
		F4DB79FB84A4BE8C9805C8DC /* FreeHDBootSetupViewModel.swift in Sources */ = {isa = PBXBuildFile; fileRef = D12C714CBB8A20BDFA3ED4BE /* FreeHDBootSetupViewModel.swift */; };
		F723A2AEFFB33F70ADC6D1E4 /* macHDLApp.swift in Sources */ = {isa = PBXBuildFile; fileRef = B7E5C3F6C14AA9881298F711 /* macHDLApp.swift */; };
		FABBAA3CB3655F23E7EA32AB /* CSVGameListParser.swift in Sources */ = {isa = PBXBuildFile; fileRef = F32620DAB775D5EA9F512FA0 /* CSVGameListParser.swift */; };
		FBAEEBEA718C491A82C9FBB0 /* labels_JA.txt in Resources */ = {isa = PBXBuildFile; fileRef = D60EC327D83F965F6E381550 /* labels_JA.txt */; };
		FED3B75CB4EBB52BC10C80F5 /* AppArchiveExtractor.swift in Sources */ = {isa = PBXBuildFile; fileRef = 716E1803E7D93080ED4F15F2 /* AppArchiveExtractor.swift */; };
		FFB8F4EEBEDD600EFADF12F0 /* PS1GameService.swift in Sources */ = {isa = PBXBuildFile; fileRef = 96CABE17F5DDFE707904CEFE /* PS1GameService.swift */; };
/* End PBXBuildFile section */

/* Begin PBXContainerItemProxy section */
		60961C3440E5E5CC367F64C9 /* PBXContainerItemProxy */ = {
			isa = PBXContainerItemProxy;
			containerPortal = E0D2CF7EB43FBC3F08B1457E /* Project object */;
			proxyType = 1;
			remoteGlobalIDString = 6AC2FA5C081A2AEC6952D20D;
			remoteInfo = "mac-hdl-gui-helper";
		};
		F6DC785B8A660232353157D7 /* PBXContainerItemProxy */ = {
			isa = PBXContainerItemProxy;
			containerPortal = E0D2CF7EB43FBC3F08B1457E /* Project object */;
			proxyType = 1;
			remoteGlobalIDString = 114AC74925D75BAAC74CEA02;
			remoteInfo = "mac-hdl-gui";
		};
/* End PBXContainerItemProxy section */

/* Begin PBXFileReference section */
		005B394DB6D6729580C759E8 /* AddVideoSheet.swift */ = {isa = PBXFileReference; lastKnownFileType = sourcecode.swift; path = AddVideoSheet.swift; sourceTree = "<group>"; };
		038E218A7D2BFE39988FE2D7 /* labels_FR.txt */ = {isa = PBXFileReference; lastKnownFileType = text; path = labels_FR.txt; sourceTree = "<group>"; };
		08F94F329A5B83C6B493EDA1 /* GameArtworkService.swift */ = {isa = PBXFileReference; lastKnownFileType = sourcecode.swift; path = GameArtworkService.swift; sourceTree = "<group>"; };
		10507773C0102634F2B8F236 /* ENDVDPL.XRX */ = {isa = PBXFileReference; path = ENDVDPL.XRX; sourceTree = "<group>"; };
		108AB736FFD2203F3B56EF50 /* FMCB_CFG.ELF */ = {isa = PBXFileReference; path = FMCB_CFG.ELF; sourceTree = "<group>"; };
		12D9CA7E69FC23739CA81C2E /* InstallPS1GameViewModel.swift */ = {isa = PBXFileReference; lastKnownFileType = sourcecode.swift; path = InstallPS1GameViewModel.swift; sourceTree = "<group>"; };
		136E459C64EA4ECFD8E528F8 /* labels_GE.txt */ = {isa = PBXFileReference; lastKnownFileType = text; path = labels_GE.txt; sourceTree = "<group>"; };
		171C074DE56706B5AB6C598D /* FreeHDBootDestinationPathsTests.swift */ = {isa = PBXFileReference; lastKnownFileType = sourcecode.swift; path = FreeHDBootDestinationPathsTests.swift; sourceTree = "<group>"; };
		174F959DEBAD91E51DDE30D9 /* DriveListViewModel.swift */ = {isa = PBXFileReference; lastKnownFileType = sourcecode.swift; path = DriveListViewModel.swift; sourceTree = "<group>"; };
		1761023FCA538BB0AAC967D3 /* FSCK.XLF */ = {isa = PBXFileReference; path = FSCK.XLF; sourceTree = "<group>"; };
		199508D2F88BE350E0CDB8AC /* IdentifiableError.swift */ = {isa = PBXFileReference; lastKnownFileType = sourcecode.swift; path = IdentifiableError.swift; sourceTree = "<group>"; };
		19A36CE59643BA111C7956D1 /* PopStarterSystemFilesService.swift */ = {isa = PBXFileReference; lastKnownFileType = sourcecode.swift; path = PopStarterSystemFilesService.swift; sourceTree = "<group>"; };
		2197E828D4A2F2817AFD4DD4 /* labels_PO.txt */ = {isa = PBXFileReference; lastKnownFileType = text; path = labels_PO.txt; sourceTree = "<group>"; };
		232941A22BA34E7590AFEBB0 /* PFSPartitionSizingTests.swift */ = {isa = PBXFileReference; lastKnownFileType = sourcecode.swift; path = PFSPartitionSizingTests.swift; sourceTree = "<group>"; };
		23442CD85DC7A79F268C09F9 /* DriveSidebarView.swift */ = {isa = PBXFileReference; lastKnownFileType = sourcecode.swift; path = DriveSidebarView.swift; sourceTree = "<group>"; };
		23B3BFC977C37EC2676AFB5C /* strings_FR.txt */ = {isa = PBXFileReference; lastKnownFileType = text; path = strings_FR.txt; sourceTree = "<group>"; };
		23E9E4628A4D3283B48FA9D1 /* AddPS1GameSheet.swift */ = {isa = PBXFileReference; lastKnownFileType = sourcecode.swift; path = AddPS1GameSheet.swift; sourceTree = "<group>"; };
		2451D8A7FA5CFC315045505E /* POPSTARTER.ELF */ = {isa = PBXFileReference; path = POPSTARTER.ELF; sourceTree = "<group>"; };
		288F6B3E21A0EA654B852F0F /* FetchPS1ArtworkViewModel.swift */ = {isa = PBXFileReference; lastKnownFileType = sourcecode.swift; path = FetchPS1ArtworkViewModel.swift; sourceTree = "<group>"; };
		28D0592084F4FAB7C72A642A /* strings_DU.txt */ = {isa = PBXFileReference; lastKnownFileType = text; path = strings_DU.txt; sourceTree = "<group>"; };
		2ABCEBDB59E2FC38342929DC /* FetchPS1ArtworkSheet.swift */ = {isa = PBXFileReference; lastKnownFileType = sourcecode.swift; path = FetchPS1ArtworkSheet.swift; sourceTree = "<group>"; };
		2C1435AD0DC4EF21A2E0870E /* FHDB.XLF */ = {isa = PBXFileReference; path = FHDB.XLF; sourceTree = "<group>"; };
		2CDFFFD7A562C2985CEB8C8D /* CueSheetAnalyzerTests.swift */ = {isa = PBXFileReference; lastKnownFileType = sourcecode.swift; path = CueSheetAnalyzerTests.swift; sourceTree = "<group>"; };
		2D2B93C6850590FA3466325D /* Disk.swift */ = {isa = PBXFileReference; lastKnownFileType = sourcecode.swift; path = Disk.swift; sourceTree = "<group>"; };
		2FCFC6CCA0AD6C2A3DCF660E /* NotoSans-Bold.ttf */ = {isa = PBXFileReference; lastKnownFileType = file; path = "NotoSans-Bold.ttf"; sourceTree = "<group>"; };
		3087C2C9ABB55A32703518A7 /* GameListView.swift */ = {isa = PBXFileReference; lastKnownFileType = sourcecode.swift; path = GameListView.swift; sourceTree = "<group>"; };
		319FDBE2D9CE9F8C5570B170 /* strings_PO.txt */ = {isa = PBXFileReference; lastKnownFileType = text; path = strings_PO.txt; sourceTree = "<group>"; };
		3665B6E25F0841ACF44C99FE /* PS1GameIDDetector.swift */ = {isa = PBXFileReference; lastKnownFileType = sourcecode.swift; path = PS1GameIDDetector.swift; sourceTree = "<group>"; };
		37712E11046C1DB2472C4542 /* PopStarterSystemFilesViewModel.swift */ = {isa = PBXFileReference; lastKnownFileType = sourcecode.swift; path = PopStarterSystemFilesViewModel.swift; sourceTree = "<group>"; };
		399733C861D2609DA2C34084 /* GameInfoSheet.swift */ = {isa = PBXFileReference; lastKnownFileType = sourcecode.swift; path = GameInfoSheet.swift; sourceTree = "<group>"; };
		3A49B64A2D1075C7E1DC93C8 /* AddAppSheet.swift */ = {isa = PBXFileReference; lastKnownFileType = sourcecode.swift; path = AddAppSheet.swift; sourceTree = "<group>"; };
		3E912390E910E243FB26243F /* VideoListViewModel.swift */ = {isa = PBXFileReference; lastKnownFileType = sourcecode.swift; path = VideoListViewModel.swift; sourceTree = "<group>"; };
		445208ECA8139C8CDC48BD64 /* USBD.IRX */ = {isa = PBXFileReference; path = USBD.IRX; sourceTree = "<group>"; };
		48C788F686B9A5340ED73A9C /* NotoSansJP-Bold.otf */ = {isa = PBXFileReference; lastKnownFileType = file; path = "NotoSansJP-Bold.otf"; sourceTree = "<group>"; };
		496944D3F8C161EA3D6CBDBA /* strings_JA.txt */ = {isa = PBXFileReference; lastKnownFileType = text; path = strings_JA.txt; sourceTree = "<group>"; };
		4A07947A9BA3C3AC1795600D /* BatchInstallPS1GameViewModel.swift */ = {isa = PBXFileReference; lastKnownFileType = sourcecode.swift; path = BatchInstallPS1GameViewModel.swift; sourceTree = "<group>"; };
		4C540F0737520150AD5BCC25 /* HelperToolBinaryLocator.swift */ = {isa = PBXFileReference; lastKnownFileType = sourcecode.swift; path = HelperToolBinaryLocator.swift; sourceTree = "<group>"; };
		53955F73367231DAD2E827FB /* PFSPartitionSizing.swift */ = {isa = PBXFileReference; lastKnownFileType = sourcecode.swift; path = PFSPartitionSizing.swift; sourceTree = "<group>"; };
		53DF948E16FE98BEDC0372D5 /* HDLDumpService.swift */ = {isa = PBXFileReference; lastKnownFileType = sourcecode.swift; path = HDLDumpService.swift; sourceTree = "<group>"; };
		54827C911030B8AA06259895 /* strings_SP.txt */ = {isa = PBXFileReference; lastKnownFileType = text; path = strings_SP.txt; sourceTree = "<group>"; };
		579B976170D7F51A5D8CB9A3 /* AddGameSheet.swift */ = {isa = PBXFileReference; lastKnownFileType = sourcecode.swift; path = AddGameSheet.swift; sourceTree = "<group>"; };
		583F14346BBB534852F973AD /* BatchInstallGameViewModel.swift */ = {isa = PBXFileReference; lastKnownFileType = sourcecode.swift; path = BatchInstallGameViewModel.swift; sourceTree = "<group>"; };
		584A0E46157E1C3592338380 /* POPSLOADER.ELF */ = {isa = PBXFileReference; path = POPSLOADER.ELF; sourceTree = "<group>"; };
		5CE5B9D1F941F542DB781F66 /* AddAppViewModelTests.swift */ = {isa = PBXFileReference; lastKnownFileType = sourcecode.swift; path = AddAppViewModelTests.swift; sourceTree = "<group>"; };
		62D6CF9CD1DBDEC5375FEB02 /* FreeHDBootService.swift */ = {isa = PBXFileReference; lastKnownFileType = sourcecode.swift; path = FreeHDBootService.swift; sourceTree = "<group>"; };
		64095D65DA1E8196FF35B743 /* FREEHDB.CNF */ = {isa = PBXFileReference; path = FREEHDB.CNF; sourceTree = "<group>"; };
		64F8CF9AFD115D38E0D15667 /* PFSPathComponentValidation.swift */ = {isa = PBXFileReference; lastKnownFileType = sourcecode.swift; path = PFSPathComponentValidation.swift; sourceTree = "<group>"; };
		658D48D918DC95EB8EECCD5B /* PFSDestinationPaths.swift */ = {isa = PBXFileReference; lastKnownFileType = sourcecode.swift; path = PFSDestinationPaths.swift; sourceTree = "<group>"; };
		66F482E2119747B57D0A2630 /* PopStarterSystemFileTests.swift */ = {isa = PBXFileReference; lastKnownFileType = sourcecode.swift; path = PopStarterSystemFileTests.swift; sourceTree = "<group>"; };
		67B6B8CC0B5BDCC7AC2EE9D6 /* AppsDestination.swift */ = {isa = PBXFileReference; lastKnownFileType = sourcecode.swift; path = AppsDestination.swift; sourceTree = "<group>"; };
		6A192C03D414DD1C76BCDD58 /* HDLGame.swift */ = {isa = PBXFileReference; lastKnownFileType = sourcecode.swift; path = HDLGame.swift; sourceTree = "<group>"; };
		6AAB7083C50369FA7FFB21C7 /* PS1GameServiceTests.swift */ = {isa = PBXFileReference; lastKnownFileType = sourcecode.swift; path = PS1GameServiceTests.swift; sourceTree = "<group>"; };
		6CE59AD7008A0295529501F5 /* SMSMediaService.swift */ = {isa = PBXFileReference; lastKnownFileType = sourcecode.swift; path = SMSMediaService.swift; sourceTree = "<group>"; };
		6E5464E6BAA192315D8A1E28 /* AppArchiveExtractorTests.swift */ = {isa = PBXFileReference; lastKnownFileType = sourcecode.swift; path = AppArchiveExtractorTests.swift; sourceTree = "<group>"; };
		6ECFC1DFC466A04ADAD00B83 /* HDLDumpProgressParserTests.swift */ = {isa = PBXFileReference; lastKnownFileType = sourcecode.swift; path = HDLDumpProgressParserTests.swift; sourceTree = "<group>"; };
		6FE7CD2FE31A40D6E072AD40 /* PS1GameListView.swift */ = {isa = PBXFileReference; lastKnownFileType = sourcecode.swift; path = PS1GameListView.swift; sourceTree = "<group>"; };
		716E1803E7D93080ED4F15F2 /* AppArchiveExtractor.swift */ = {isa = PBXFileReference; lastKnownFileType = sourcecode.swift; path = AppArchiveExtractor.swift; sourceTree = "<group>"; };
		74C6689BFA3548D1BE48CDCC /* labels_SP.txt */ = {isa = PBXFileReference; lastKnownFileType = text; path = labels_SP.txt; sourceTree = "<group>"; };
		75065051A670A11156987AF9 /* FullDiskAccessSheet.swift */ = {isa = PBXFileReference; lastKnownFileType = sourcecode.swift; path = FullDiskAccessSheet.swift; sourceTree = "<group>"; };
		7853284AB816BF9F4EC91153 /* mac-hdl-gui.app */ = {isa = PBXFileReference; explicitFileType = wrapper.application; includeInIndex = 0; path = "mac-hdl-gui.app"; sourceTree = BUILT_PRODUCTS_DIR; };
		7B315503936F67538868B5F9 /* VideoConverterTests.swift */ = {isa = PBXFileReference; lastKnownFileType = sourcecode.swift; path = VideoConverterTests.swift; sourceTree = "<group>"; };
		7DC4023C794321611684260A /* USBHDFSD.IRX */ = {isa = PBXFileReference; path = USBHDFSD.IRX; sourceTree = "<group>"; };
		800538CDE2FB45E533D8F32A /* HDLDumpHelperProtocol.swift */ = {isa = PBXFileReference; lastKnownFileType = sourcecode.swift; path = HDLDumpHelperProtocol.swift; sourceTree = "<group>"; };
		816091A1E46466A6AA35FAFE /* AddVideoViewModelTests.swift */ = {isa = PBXFileReference; lastKnownFileType = sourcecode.swift; path = AddVideoViewModelTests.swift; sourceTree = "<group>"; };
		844753728657FF914B471643 /* SplitDumpCombiner.swift */ = {isa = PBXFileReference; lastKnownFileType = sourcecode.swift; path = SplitDumpCombiner.swift; sourceTree = "<group>"; };
		8749008C8E509627728605F7 /* FreeHDBootDestinationPaths.swift */ = {isa = PBXFileReference; lastKnownFileType = sourcecode.swift; path = FreeHDBootDestinationPaths.swift; sourceTree = "<group>"; };
		87B1AEEE12CE8DC9CAC78F3E /* VideoFileTests.swift */ = {isa = PBXFileReference; lastKnownFileType = sourcecode.swift; path = VideoFileTests.swift; sourceTree = "<group>"; };
		88C3577B91DC2CA4A823735F /* APATOCParsing.swift */ = {isa = PBXFileReference; lastKnownFileType = sourcecode.swift; path = APATOCParsing.swift; sourceTree = "<group>"; };
		895BDD569D2EC686769AA7EC /* CueSheetAnalyzer.swift */ = {isa = PBXFileReference; lastKnownFileType = sourcecode.swift; path = CueSheetAnalyzer.swift; sourceTree = "<group>"; };
		90E0228B754EAC4CEA85A1FE /* mac-hdl-gui-helper */ = {isa = PBXFileReference; includeInIndex = 0; path = "mac-hdl-gui-helper"; sourceTree = BUILT_PRODUCTS_DIR; };
		933372313AB081B4F8C790F0 /* PopStarterSystemFilesSection.swift */ = {isa = PBXFileReference; lastKnownFileType = sourcecode.swift; path = PopStarterSystemFilesSection.swift; sourceTree = "<group>"; };
		93E8A619374AB6375091B8CC /* PFSDestinationPathsSMSMediaTests.swift */ = {isa = PBXFileReference; lastKnownFileType = sourcecode.swift; path = PFSDestinationPathsSMSMediaTests.swift; sourceTree = "<group>"; };
		93E91D04524CA27B9897CCA1 /* HelperApprovalSheet.swift */ = {isa = PBXFileReference; lastKnownFileType = sourcecode.swift; path = HelperApprovalSheet.swift; sourceTree = "<group>"; };
		952CDC1B811CDF4B29F6A4F0 /* HelperProcessRunner.swift */ = {isa = PBXFileReference; lastKnownFileType = sourcecode.swift; path = HelperProcessRunner.swift; sourceTree = "<group>"; };
		95371246BB6621688F0C802A /* SMS.ELF */ = {isa = PBXFileReference; path = SMS.ELF; sourceTree = "<group>"; };
		957FF3EB2E20F2FFEFBED606 /* FreeHDBootSetupSheet.swift */ = {isa = PBXFileReference; lastKnownFileType = sourcecode.swift; path = FreeHDBootSetupSheet.swift; sourceTree = "<group>"; };
		96CABE17F5DDFE707904CEFE /* PS1GameService.swift */ = {isa = PBXFileReference; lastKnownFileType = sourcecode.swift; path = PS1GameService.swift; sourceTree = "<group>"; };
		97B2445A2A60EB04237990FC /* PFSDestinationPathsAppsTests.swift */ = {isa = PBXFileReference; lastKnownFileType = sourcecode.swift; path = PFSDestinationPathsAppsTests.swift; sourceTree = "<group>"; };
		98AC78DD11D74B156984D676 /* AddVideoViewModel.swift */ = {isa = PBXFileReference; lastKnownFileType = sourcecode.swift; path = AddVideoViewModel.swift; sourceTree = "<group>"; };
		991A174CDC6EE41359EF63D9 /* AppsService.swift */ = {isa = PBXFileReference; lastKnownFileType = sourcecode.swift; path = AppsService.swift; sourceTree = "<group>"; };
		9FC0F784D0782BFC86B63B48 /* DiskDiscoveryService.swift */ = {isa = PBXFileReference; lastKnownFileType = sourcecode.swift; path = DiskDiscoveryService.swift; sourceTree = "<group>"; };
		A1084A7F21F697B39B90B391 /* ContentView.swift */ = {isa = PBXFileReference; lastKnownFileType = sourcecode.swift; path = ContentView.swift; sourceTree = "<group>"; };
		A149988A4470B2C5147A4C9F /* HDLDumpHelperClient.swift */ = {isa = PBXFileReference; lastKnownFileType = sourcecode.swift; path = HDLDumpHelperClient.swift; sourceTree = "<group>"; };
		A1E8FBA6E759723A493D444F /* BatchAddGameSheet.swift */ = {isa = PBXFileReference; lastKnownFileType = sourcecode.swift; path = BatchAddGameSheet.swift; sourceTree = "<group>"; };
		ABBACD15DEAEF9355231E853 /* fonts.txt */ = {isa = PBXFileReference; lastKnownFileType = text; path = fonts.txt; sourceTree = "<group>"; };
		AE1F299F181C9ACD10ECAEEC /* HDLDumpProgressParser.swift */ = {isa = PBXFileReference; lastKnownFileType = sourcecode.swift; path = HDLDumpProgressParser.swift; sourceTree = "<group>"; };
		AE6E54EC5C54E06E465C0219 /* MBR.XLF */ = {isa = PBXFileReference; path = MBR.XLF; sourceTree = "<group>"; };
		B243306A82BFC5410860C036 /* PS1Game.swift */ = {isa = PBXFileReference; lastKnownFileType = sourcecode.swift; path = PS1Game.swift; sourceTree = "<group>"; };
		B686ADB794ED7D53C1A3293E /* Assets.xcassets */ = {isa = PBXFileReference; lastKnownFileType = folder.assetcatalog; path = Assets.xcassets; sourceTree = "<group>"; };
		B6E52FA2C606405F592BE2F7 /* PS1GameListViewModel.swift */ = {isa = PBXFileReference; lastKnownFileType = sourcecode.swift; path = PS1GameListViewModel.swift; sourceTree = "<group>"; };
		B7A42988792CB9A7F6EB5977 /* PopStarterSetupSheet.swift */ = {isa = PBXFileReference; lastKnownFileType = sourcecode.swift; path = PopStarterSetupSheet.swift; sourceTree = "<group>"; };
		B7E5C3F6C14AA9881298F711 /* macHDLApp.swift */ = {isa = PBXFileReference; lastKnownFileType = sourcecode.swift; path = macHDLApp.swift; sourceTree = "<group>"; };
		B894DA99F86C2155D5CB0C88 /* InstallGameViewModel.swift */ = {isa = PBXFileReference; lastKnownFileType = sourcecode.swift; path = InstallGameViewModel.swift; sourceTree = "<group>"; };
		B9860A769EF08636BCBF1CC2 /* PATCH_5.BIN */ = {isa = PBXFileReference; path = PATCH_5.BIN; sourceTree = "<group>"; };
		BBD1C9BC91E9D8F43CF95FE1 /* AppsListView.swift */ = {isa = PBXFileReference; lastKnownFileType = sourcecode.swift; path = AppsListView.swift; sourceTree = "<group>"; };
		BC842B193FC0326F10D5B356 /* strings_IT.txt */ = {isa = PBXFileReference; lastKnownFileType = text; path = strings_IT.txt; sourceTree = "<group>"; };
		BF9955E0A95BBCF512EB90C6 /* HelperRegistrationViewModel.swift */ = {isa = PBXFileReference; lastKnownFileType = sourcecode.swift; path = HelperRegistrationViewModel.swift; sourceTree = "<group>"; };
		C54852F423CE46756317DE9D /* InstalledApp.swift */ = {isa = PBXFileReference; lastKnownFileType = sourcecode.swift; path = InstalledApp.swift; sourceTree = "<group>"; };
		CA01537C8C1C8BBB45CB4753 /* mac-hdl-guiTests.xctest */ = {isa = PBXFileReference; explicitFileType = wrapper.cfbundle; includeInIndex = 0; path = "mac-hdl-guiTests.xctest"; sourceTree = BUILT_PRODUCTS_DIR; };
		CA7A379BC3F3CD2E63DA65FA /* HDLDumpError.swift */ = {isa = PBXFileReference; lastKnownFileType = sourcecode.swift; path = HDLDumpError.swift; sourceTree = "<group>"; };
		CB39FF6365BFE7FDAE731683 /* GameArtworkFetcher.swift */ = {isa = PBXFileReference; lastKnownFileType = sourcecode.swift; path = GameArtworkFetcher.swift; sourceTree = "<group>"; };
		CC6F0B9036D6D4ED794B232E /* HDLDumpHelperService.swift */ = {isa = PBXFileReference; lastKnownFileType = sourcecode.swift; path = HDLDumpHelperService.swift; sourceTree = "<group>"; };
		CCC3C7BABBE8D10AED0B8310 /* ProgressSheet.swift */ = {isa = PBXFileReference; lastKnownFileType = sourcecode.swift; path = ProgressSheet.swift; sourceTree = "<group>"; };
		CE71B905F166310E237669F0 /* AppsListViewModel.swift */ = {isa = PBXFileReference; lastKnownFileType = sourcecode.swift; path = AppsListViewModel.swift; sourceTree = "<group>"; };
		D12C714CBB8A20BDFA3ED4BE /* FreeHDBootSetupViewModel.swift */ = {isa = PBXFileReference; lastKnownFileType = sourcecode.swift; path = FreeHDBootSetupViewModel.swift; sourceTree = "<group>"; };
		D18ACEA360378119CE30303C /* GameListViewModel.swift */ = {isa = PBXFileReference; lastKnownFileType = sourcecode.swift; path = GameListViewModel.swift; sourceTree = "<group>"; };
		D4DC196924BEA261C3B4E22A /* strings_GE.txt */ = {isa = PBXFileReference; lastKnownFileType = text; path = strings_GE.txt; sourceTree = "<group>"; };
		D590FD5CE2F07D290BC6B280 /* labels_DU.txt */ = {isa = PBXFileReference; lastKnownFileType = text; path = labels_DU.txt; sourceTree = "<group>"; };
		D60EC327D83F965F6E381550 /* labels_JA.txt */ = {isa = PBXFileReference; lastKnownFileType = text; path = labels_JA.txt; sourceTree = "<group>"; };
		D6E13D1592126A906FB7ABB8 /* VideoListView.swift */ = {isa = PBXFileReference; lastKnownFileType = sourcecode.swift; path = VideoListView.swift; sourceTree = "<group>"; };
		D80586D075E685FDA2693657 /* CoreAppsView.swift */ = {isa = PBXFileReference; lastKnownFileType = sourcecode.swift; path = CoreAppsView.swift; sourceTree = "<group>"; };
		D91F95DF4E54E4C1FA2E7E21 /* labels_IT.txt */ = {isa = PBXFileReference; lastKnownFileType = text; path = labels_IT.txt; sourceTree = "<group>"; };
		DAD1E737157680B11450F5BF /* main.swift */ = {isa = PBXFileReference; lastKnownFileType = sourcecode.swift; path = main.swift; sourceTree = "<group>"; };
		DB190B41F22780C0BC15339C /* OPL110.ELF */ = {isa = PBXFileReference; path = OPL110.ELF; sourceTree = "<group>"; };
		DC34C4AC52FAA4AE50027A38 /* PopStarterSetupViewModel.swift */ = {isa = PBXFileReference; lastKnownFileType = sourcecode.swift; path = PopStarterSetupViewModel.swift; sourceTree = "<group>"; };
		DCB235A2E8A03775F21BE690 /* BatchAddPS1GameSheet.swift */ = {isa = PBXFileReference; lastKnownFileType = sourcecode.swift; path = BatchAddPS1GameSheet.swift; sourceTree = "<group>"; };
		DD0C99A53EF71A3E0F1B5DEA /* HDLDumpHelperListenerDelegate.swift */ = {isa = PBXFileReference; lastKnownFileType = sourcecode.swift; path = HDLDumpHelperListenerDelegate.swift; sourceTree = "<group>"; };
		E1C93FDD2C149514C07585DC /* PFSShellSession.swift */ = {isa = PBXFileReference; lastKnownFileType = sourcecode.swift; path = PFSShellSession.swift; sourceTree = "<group>"; };
		E3DB80BD440B8DF225921EB3 /* PopStarterSystemFile.swift */ = {isa = PBXFileReference; lastKnownFileType = sourcecode.swift; path = PopStarterSystemFile.swift; sourceTree = "<group>"; };
		E3F143143316B86468525416 /* SynchronizedDataBuffer.swift */ = {isa = PBXFileReference; lastKnownFileType = sourcecode.swift; path = SynchronizedDataBuffer.swift; sourceTree = "<group>"; };
		E888622D091761D14693EBAE /* PS1GameConverter.swift */ = {isa = PBXFileReference; lastKnownFileType = sourcecode.swift; path = PS1GameConverter.swift; sourceTree = "<group>"; };
		EC0456E9ED588392536D7E2D /* CSVGameListParserTests.swift */ = {isa = PBXFileReference; lastKnownFileType = sourcecode.swift; path = CSVGameListParserTests.swift; sourceTree = "<group>"; };
		F1374521E0A94495E7F96ED6 /* ULE_ISR.ELF */ = {isa = PBXFileReference; path = ULE_ISR.ELF; sourceTree = "<group>"; };
		F16EF114D75D844313BABD89 /* VideoFile.swift */ = {isa = PBXFileReference; lastKnownFileType = sourcecode.swift; path = VideoFile.swift; sourceTree = "<group>"; };
		F32620DAB775D5EA9F512FA0 /* CSVGameListParser.swift */ = {isa = PBXFileReference; lastKnownFileType = sourcecode.swift; path = CSVGameListParser.swift; sourceTree = "<group>"; };
		F360B264E283C22168609D6C /* VideoConverter.swift */ = {isa = PBXFileReference; lastKnownFileType = sourcecode.swift; path = VideoConverter.swift; sourceTree = "<group>"; };
		F8B27FB83C7D98E24982CC78 /* AddAppViewModel.swift */ = {isa = PBXFileReference; lastKnownFileType = sourcecode.swift; path = AddAppViewModel.swift; sourceTree = "<group>"; };
		FC17F1C93607D134C19C6BB2 /* BundledBinaryLocator.swift */ = {isa = PBXFileReference; lastKnownFileType = sourcecode.swift; path = BundledBinaryLocator.swift; sourceTree = "<group>"; };
		FE15E5423740703D7DE8CA8F /* AppsDestinationTests.swift */ = {isa = PBXFileReference; lastKnownFileType = sourcecode.swift; path = AppsDestinationTests.swift; sourceTree = "<group>"; };
/* End PBXFileReference section */

/* Begin PBXGroup section */
		1483BE33B73E932DAC8F24A8 /* SYSTEM */ = {
			isa = PBXGroup;
			children = (
				10507773C0102634F2B8F236 /* ENDVDPL.XRX */,
				2C1435AD0DC4EF21A2E0870E /* FHDB.XLF */,
				AE6E54EC5C54E06E465C0219 /* MBR.XLF */,
			);
			name = SYSTEM;
			path = "Vendor/FreeMcBoot-Installer/installer_res/1966/INSTALL/SYSTEM";
			sourceTree = "<group>";
		};
		1B69AC9449900CC95E1C4D55 /* Models */ = {
			isa = PBXGroup;
			children = (
				67B6B8CC0B5BDCC7AC2EE9D6 /* AppsDestination.swift */,
				2D2B93C6850590FA3466325D /* Disk.swift */,
				8749008C8E509627728605F7 /* FreeHDBootDestinationPaths.swift */,
				6A192C03D414DD1C76BCDD58 /* HDLGame.swift */,
				199508D2F88BE350E0CDB8AC /* IdentifiableError.swift */,
				C54852F423CE46756317DE9D /* InstalledApp.swift */,
				658D48D918DC95EB8EECCD5B /* PFSDestinationPaths.swift */,
				E3DB80BD440B8DF225921EB3 /* PopStarterSystemFile.swift */,
				B243306A82BFC5410860C036 /* PS1Game.swift */,
				F16EF114D75D844313BABD89 /* VideoFile.swift */,
			);
			path = Models;
			sourceTree = "<group>";
		};
		22839F542A9F5CF8F72F5400 /* Views */ = {
			isa = PBXGroup;
			children = (
				3A49B64A2D1075C7E1DC93C8 /* AddAppSheet.swift */,
				579B976170D7F51A5D8CB9A3 /* AddGameSheet.swift */,
				23E9E4628A4D3283B48FA9D1 /* AddPS1GameSheet.swift */,
				005B394DB6D6729580C759E8 /* AddVideoSheet.swift */,
				BBD1C9BC91E9D8F43CF95FE1 /* AppsListView.swift */,
				A1E8FBA6E759723A493D444F /* BatchAddGameSheet.swift */,
				DCB235A2E8A03775F21BE690 /* BatchAddPS1GameSheet.swift */,
				A1084A7F21F697B39B90B391 /* ContentView.swift */,
				D80586D075E685FDA2693657 /* CoreAppsView.swift */,
				23442CD85DC7A79F268C09F9 /* DriveSidebarView.swift */,
				2ABCEBDB59E2FC38342929DC /* FetchPS1ArtworkSheet.swift */,
				957FF3EB2E20F2FFEFBED606 /* FreeHDBootSetupSheet.swift */,
				75065051A670A11156987AF9 /* FullDiskAccessSheet.swift */,
				399733C861D2609DA2C34084 /* GameInfoSheet.swift */,
				3087C2C9ABB55A32703518A7 /* GameListView.swift */,
				93E91D04524CA27B9897CCA1 /* HelperApprovalSheet.swift */,
				B7A42988792CB9A7F6EB5977 /* PopStarterSetupSheet.swift */,
				933372313AB081B4F8C790F0 /* PopStarterSystemFilesSection.swift */,
				CCC3C7BABBE8D10AED0B8310 /* ProgressSheet.swift */,
				6FE7CD2FE31A40D6E072AD40 /* PS1GameListView.swift */,
				D6E13D1592126A906FB7ABB8 /* VideoListView.swift */,
			);
			path = Views;
			sourceTree = "<group>";
		};
		369D057FE7F877AA94502DDF /* Shared */ = {
			isa = PBXGroup;
			children = (
				88C3577B91DC2CA4A823735F /* APATOCParsing.swift */,
				800538CDE2FB45E533D8F32A /* HDLDumpHelperProtocol.swift */,
				53955F73367231DAD2E827FB /* PFSPartitionSizing.swift */,
				64F8CF9AFD115D38E0D15667 /* PFSPathComponentValidation.swift */,
				E3F143143316B86468525416 /* SynchronizedDataBuffer.swift */,
			);
			path = Shared;
			sourceTree = "<group>";
		};
		60506E9F4336A35588C9602B /* HelperTool */ = {
			isa = PBXGroup;
			children = (
				DD0C99A53EF71A3E0F1B5DEA /* HDLDumpHelperListenerDelegate.swift */,
				CC6F0B9036D6D4ED794B232E /* HDLDumpHelperService.swift */,
				952CDC1B811CDF4B29F6A4F0 /* HelperProcessRunner.swift */,
				4C540F0737520150AD5BCC25 /* HelperToolBinaryLocator.swift */,
				DAD1E737157680B11450F5BF /* main.swift */,
				E1C93FDD2C149514C07585DC /* PFSShellSession.swift */,
			);
			path = HelperTool;
			sourceTree = "<group>";
		};
		86610D357ED62F2717756136 /* Products */ = {
			isa = PBXGroup;
			children = (
				90E0228B754EAC4CEA85A1FE /* mac-hdl-gui-helper */,
				7853284AB816BF9F4EC91153 /* mac-hdl-gui.app */,
				CA01537C8C1C8BBB45CB4753 /* mac-hdl-guiTests.xctest */,
			);
			name = Products;
			sourceTree = "<group>";
		};
		8D401433918CF26D51BBA3EC /* SYS-CONF */ = {
			isa = PBXGroup;
			children = (
				108AB736FFD2203F3B56EF50 /* FMCB_CFG.ELF */,
				445208ECA8139C8CDC48BD64 /* USBD.IRX */,
				7DC4023C794321611684260A /* USBHDFSD.IRX */,
			);
			name = "SYS-CONF";
			path = "Vendor/FreeMcBoot-Installer/installer_res/1966/INSTALL/SYS-CONF";
			sourceTree = "<group>";
		};
		96AC829B09E431A414B0939B /* Services */ = {
			isa = PBXGroup;
			children = (
				716E1803E7D93080ED4F15F2 /* AppArchiveExtractor.swift */,
				991A174CDC6EE41359EF63D9 /* AppsService.swift */,
				FC17F1C93607D134C19C6BB2 /* BundledBinaryLocator.swift */,
				F32620DAB775D5EA9F512FA0 /* CSVGameListParser.swift */,
				895BDD569D2EC686769AA7EC /* CueSheetAnalyzer.swift */,
				9FC0F784D0782BFC86B63B48 /* DiskDiscoveryService.swift */,
				62D6CF9CD1DBDEC5375FEB02 /* FreeHDBootService.swift */,
				CB39FF6365BFE7FDAE731683 /* GameArtworkFetcher.swift */,
				08F94F329A5B83C6B493EDA1 /* GameArtworkService.swift */,
				CA7A379BC3F3CD2E63DA65FA /* HDLDumpError.swift */,
				A149988A4470B2C5147A4C9F /* HDLDumpHelperClient.swift */,
				AE1F299F181C9ACD10ECAEEC /* HDLDumpProgressParser.swift */,
				53DF948E16FE98BEDC0372D5 /* HDLDumpService.swift */,
				19A36CE59643BA111C7956D1 /* PopStarterSystemFilesService.swift */,
				E888622D091761D14693EBAE /* PS1GameConverter.swift */,
				3665B6E25F0841ACF44C99FE /* PS1GameIDDetector.swift */,
				96CABE17F5DDFE707904CEFE /* PS1GameService.swift */,
				6CE59AD7008A0295529501F5 /* SMSMediaService.swift */,
				844753728657FF914B471643 /* SplitDumpCombiner.swift */,
				F360B264E283C22168609D6C /* VideoConverter.swift */,
			);
			path = Services;
			sourceTree = "<group>";
		};
		B1345D1829529CEFF7E19D86 /* popstarter */ = {
			isa = PBXGroup;
			children = (
				B9860A769EF08636BCBF1CC2 /* PATCH_5.BIN */,
				584A0E46157E1C3592338380 /* POPSLOADER.ELF */,
				2451D8A7FA5CFC315045505E /* POPSTARTER.ELF */,
			);
			name = popstarter;
			path = Vendor/popstarter;
			sourceTree = "<group>";
		};
		CDEAA9735AF9D3E0F534A360 /* ViewModels */ = {
			isa = PBXGroup;
			children = (
				F8B27FB83C7D98E24982CC78 /* AddAppViewModel.swift */,
				98AC78DD11D74B156984D676 /* AddVideoViewModel.swift */,
				CE71B905F166310E237669F0 /* AppsListViewModel.swift */,
				583F14346BBB534852F973AD /* BatchInstallGameViewModel.swift */,
				4A07947A9BA3C3AC1795600D /* BatchInstallPS1GameViewModel.swift */,
				174F959DEBAD91E51DDE30D9 /* DriveListViewModel.swift */,
				288F6B3E21A0EA654B852F0F /* FetchPS1ArtworkViewModel.swift */,
				D12C714CBB8A20BDFA3ED4BE /* FreeHDBootSetupViewModel.swift */,
				D18ACEA360378119CE30303C /* GameListViewModel.swift */,
				BF9955E0A95BBCF512EB90C6 /* HelperRegistrationViewModel.swift */,
				B894DA99F86C2155D5CB0C88 /* InstallGameViewModel.swift */,
				12D9CA7E69FC23739CA81C2E /* InstallPS1GameViewModel.swift */,
				DC34C4AC52FAA4AE50027A38 /* PopStarterSetupViewModel.swift */,
				37712E11046C1DB2472C4542 /* PopStarterSystemFilesViewModel.swift */,
				B6E52FA2C606405F592BE2F7 /* PS1GameListViewModel.swift */,
				3E912390E910E243FB26243F /* VideoListViewModel.swift */,
			);
			path = ViewModels;
			sourceTree = "<group>";
		};
		D43C2AA069478C50F3D57951 /* LANG */ = {
			isa = PBXGroup;
			children = (
				ABBACD15DEAEF9355231E853 /* fonts.txt */,
				D590FD5CE2F07D290BC6B280 /* labels_DU.txt */,
				038E218A7D2BFE39988FE2D7 /* labels_FR.txt */,
				136E459C64EA4ECFD8E528F8 /* labels_GE.txt */,
				D91F95DF4E54E4C1FA2E7E21 /* labels_IT.txt */,
				D60EC327D83F965F6E381550 /* labels_JA.txt */,
				2197E828D4A2F2817AFD4DD4 /* labels_PO.txt */,
				74C6689BFA3548D1BE48CDCC /* labels_SP.txt */,
				2FCFC6CCA0AD6C2A3DCF660E /* NotoSans-Bold.ttf */,
				48C788F686B9A5340ED73A9C /* NotoSansJP-Bold.otf */,
				28D0592084F4FAB7C72A642A /* strings_DU.txt */,
				23B3BFC977C37EC2676AFB5C /* strings_FR.txt */,
				D4DC196924BEA261C3B4E22A /* strings_GE.txt */,
				BC842B193FC0326F10D5B356 /* strings_IT.txt */,
				496944D3F8C161EA3D6CBDBA /* strings_JA.txt */,
				319FDBE2D9CE9F8C5570B170 /* strings_PO.txt */,
				54827C911030B8AA06259895 /* strings_SP.txt */,
			);
			name = LANG;
			path = "Vendor/FreeMcBoot-Installer/installer_res/1966/INSTALL/SYSTEM/FSCK/LANG";
			sourceTree = "<group>";
		};
		D609008198BE1D0339A9D6A3 /* Tests */ = {
			isa = PBXGroup;
			children = (
				5CE5B9D1F941F542DB781F66 /* AddAppViewModelTests.swift */,
				816091A1E46466A6AA35FAFE /* AddVideoViewModelTests.swift */,
				6E5464E6BAA192315D8A1E28 /* AppArchiveExtractorTests.swift */,
				FE15E5423740703D7DE8CA8F /* AppsDestinationTests.swift */,
				EC0456E9ED588392536D7E2D /* CSVGameListParserTests.swift */,
				2CDFFFD7A562C2985CEB8C8D /* CueSheetAnalyzerTests.swift */,
				171C074DE56706B5AB6C598D /* FreeHDBootDestinationPathsTests.swift */,
				6ECFC1DFC466A04ADAD00B83 /* HDLDumpProgressParserTests.swift */,
				97B2445A2A60EB04237990FC /* PFSDestinationPathsAppsTests.swift */,
				93E8A619374AB6375091B8CC /* PFSDestinationPathsSMSMediaTests.swift */,
				232941A22BA34E7590AFEBB0 /* PFSPartitionSizingTests.swift */,
				66F482E2119747B57D0A2630 /* PopStarterSystemFileTests.swift */,
				6AAB7083C50369FA7FFB21C7 /* PS1GameServiceTests.swift */,
				7B315503936F67538868B5F9 /* VideoConverterTests.swift */,
				87B1AEEE12CE8DC9CAC78F3E /* VideoFileTests.swift */,
			);
			path = Tests;
			sourceTree = "<group>";
		};
		DAE5D669697515298ECECD51 /* Sources */ = {
			isa = PBXGroup;
			children = (
				B686ADB794ED7D53C1A3293E /* Assets.xcassets */,
				B7E5C3F6C14AA9881298F711 /* macHDLApp.swift */,
				1B69AC9449900CC95E1C4D55 /* Models */,
				96AC829B09E431A414B0939B /* Services */,
				369D057FE7F877AA94502DDF /* Shared */,
				CDEAA9735AF9D3E0F534A360 /* ViewModels */,
				22839F542A9F5CF8F72F5400 /* Views */,
			);
			path = Sources;
			sourceTree = "<group>";
		};
		E2307B5C1CD84CDD19179CA0 /* FreeHDBoot */ = {
			isa = PBXGroup;
			children = (
				64095D65DA1E8196FF35B743 /* FREEHDB.CNF */,
				DB190B41F22780C0BC15339C /* OPL110.ELF */,
				95371246BB6621688F0C802A /* SMS.ELF */,
				F1374521E0A94495E7F96ED6 /* ULE_ISR.ELF */,
			);
			name = FreeHDBoot;
			path = Resources/FreeHDBoot;
			sourceTree = "<group>";
		};
		F7F11D14FE26D8FC4A4BF023 /* FSCK */ = {
			isa = PBXGroup;
			children = (
				1761023FCA538BB0AAC967D3 /* FSCK.XLF */,
			);
			name = FSCK;
			path = "Vendor/FreeMcBoot-Installer/installer_res/1966/INSTALL/SYSTEM/FSCK";
			sourceTree = "<group>";
		};
		FEB9FC412359E5950CF002EA = {
			isa = PBXGroup;
			children = (
				E2307B5C1CD84CDD19179CA0 /* FreeHDBoot */,
				F7F11D14FE26D8FC4A4BF023 /* FSCK */,
				60506E9F4336A35588C9602B /* HelperTool */,
				D43C2AA069478C50F3D57951 /* LANG */,
				B1345D1829529CEFF7E19D86 /* popstarter */,
				DAE5D669697515298ECECD51 /* Sources */,
				8D401433918CF26D51BBA3EC /* SYS-CONF */,
				1483BE33B73E932DAC8F24A8 /* SYSTEM */,
				D609008198BE1D0339A9D6A3 /* Tests */,
				86610D357ED62F2717756136 /* Products */,
			);
			sourceTree = "<group>";
		};
/* End PBXGroup section */

/* Begin PBXNativeTarget section */
		114AC74925D75BAAC74CEA02 /* mac-hdl-gui */ = {
			isa = PBXNativeTarget;
			buildConfigurationList = 16226D4439D0BCF329B15B06 /* Build configuration list for PBXNativeTarget "mac-hdl-gui" */;
			buildPhases = (
				C3F2A7089F716E6B68C6D8D3 /* Build & Embed hdl_dump */,
				D3FFEAE972A86370C22D5D1A /* Build & Embed pfsshell */,
				91CBD3EB1BE5F80FED3F296E /* Build & Embed cue2pops */,
				89CC1F07E2BE227AFA998ABE /* Build & Embed psx-vcd */,
				D6BFEB119C066A659CED3F48 /* Build & Embed unar */,
				F648E4EC7284C7F0EBA669A6 /* Build & Embed ffmpeg */,
				49AB31BCB3DABB632758A9C4 /* Sources */,
				AA68662B0310009976A99C8D /* Embed Privileged Helper */,
				468FB924CB6A81520D06EF30 /* Resources */,
			);
			buildRules = (
			);
			dependencies = (
				C0E68A2928228F90CB77B32A /* PBXTargetDependency */,
			);
			name = "mac-hdl-gui";
			packageProductDependencies = (
			);
			productName = "mac-hdl-gui";
			productReference = 7853284AB816BF9F4EC91153 /* mac-hdl-gui.app */;
			productType = "com.apple.product-type.application";
		};
		6AC2FA5C081A2AEC6952D20D /* mac-hdl-gui-helper */ = {
			isa = PBXNativeTarget;
			buildConfigurationList = CE5A18C43DD65EFFDF1F209B /* Build configuration list for PBXNativeTarget "mac-hdl-gui-helper" */;
			buildPhases = (
				3F1EFA4B60ADCB1E286D73ED /* Sources */,
			);
			buildRules = (
			);
			dependencies = (
			);
			name = "mac-hdl-gui-helper";
			packageProductDependencies = (
			);
			productName = "mac-hdl-gui-helper";
			productReference = 90E0228B754EAC4CEA85A1FE /* mac-hdl-gui-helper */;
			productType = "com.apple.product-type.tool";
		};
		A51DAAC67C0A6ACAEE0F89A4 /* mac-hdl-guiTests */ = {
			isa = PBXNativeTarget;
			buildConfigurationList = EF66AC910B8D4A6911F14593 /* Build configuration list for PBXNativeTarget "mac-hdl-guiTests" */;
			buildPhases = (
				FB17359FD0790CA27D109B75 /* Sources */,
			);
			buildRules = (
			);
			dependencies = (
				F98222E7A99660C013E6A7B2 /* PBXTargetDependency */,
			);
			name = "mac-hdl-guiTests";
			packageProductDependencies = (
			);
			productName = "mac-hdl-guiTests";
			productReference = CA01537C8C1C8BBB45CB4753 /* mac-hdl-guiTests.xctest */;
			productType = "com.apple.product-type.bundle.unit-test";
		};
/* End PBXNativeTarget section */

/* Begin PBXProject section */
		E0D2CF7EB43FBC3F08B1457E /* Project object */ = {
			isa = PBXProject;
			attributes = {
				BuildIndependentTargetsInParallel = YES;
				LastUpgradeCheck = 1430;
				TargetAttributes = {
					114AC74925D75BAAC74CEA02 = {
						DevelopmentTeam = 7QW68VQ33R;
						ProvisioningStyle = Automatic;
					};
					6AC2FA5C081A2AEC6952D20D = {
						DevelopmentTeam = 7QW68VQ33R;
						ProvisioningStyle = Automatic;
					};
					A51DAAC67C0A6ACAEE0F89A4 = {
						DevelopmentTeam = 7QW68VQ33R;
						ProvisioningStyle = Automatic;
					};
				};
			};
			buildConfigurationList = 9DF5991EBC4D55C9A8A7E573 /* Build configuration list for PBXProject "mac-hdl-gui" */;
			developmentRegion = en;
			hasScannedForEncodings = 0;
			knownRegions = (
				Base,
				en,
			);
			mainGroup = FEB9FC412359E5950CF002EA;
			minimizedProjectReferenceProxies = 1;
			preferredProjectObjectVersion = 77;
			productRefGroup = 86610D357ED62F2717756136 /* Products */;
			projectDirPath = "";
			projectRoot = "";
			targets = (
				114AC74925D75BAAC74CEA02 /* mac-hdl-gui */,
				6AC2FA5C081A2AEC6952D20D /* mac-hdl-gui-helper */,
				A51DAAC67C0A6ACAEE0F89A4 /* mac-hdl-guiTests */,
			);
		};
/* End PBXProject section */

/* Begin PBXResourcesBuildPhase section */
		468FB924CB6A81520D06EF30 /* Resources */ = {
			isa = PBXResourcesBuildPhase;
			buildActionMask = 2147483647;
			files = (
				8BDBBD3964B562170AF7BEF9 /* Assets.xcassets in Resources */,
				D07554F59666F28F8CD6D4C3 /* ENDVDPL.XRX in Resources */,
				38AB6AD6329A488FEFCF08FE /* FHDB.XLF in Resources */,
				35F4D7C21225E39DED4CE651 /* FMCB_CFG.ELF in Resources */,
				3BEED7D09AD989E47CA12DE7 /* FREEHDB.CNF in Resources */,
				8CDA67461ABD70AAD8AE2DFB /* FSCK.XLF in Resources */,
				81DA5722083C4098B89853B0 /* MBR.XLF in Resources */,
				8EDB73DA4606D92298124167 /* NotoSans-Bold.ttf in Resources */,
				74C85938A4FB2398EEFC8B8E /* NotoSansJP-Bold.otf in Resources */,
				8C0682FC7361FB01BDDAB441 /* OPL110.ELF in Resources */,
				92F56FE931CC6868095122F6 /* PATCH_5.BIN in Resources */,
				2D2340C7DEC399496607972D /* POPSLOADER.ELF in Resources */,
				47A7664C00839347D1AC4C9D /* POPSTARTER.ELF in Resources */,
				9D3BAD0E87F9F5D15880696B /* SMS.ELF in Resources */,
				0C13C48A4D160721EBC9122B /* ULE_ISR.ELF in Resources */,
				1313A5712C4F49CAAB3C29B5 /* USBD.IRX in Resources */,
				1CACE924F585BFF0871D9266 /* USBHDFSD.IRX in Resources */,
				B2CB15D7A940391CE0C71A63 /* fonts.txt in Resources */,
				AD4E00EDA3B2584D76FF7B44 /* labels_DU.txt in Resources */,
				C7E8E6DFD472B463CE892CDE /* labels_FR.txt in Resources */,
				06C7F98716671C3315332436 /* labels_GE.txt in Resources */,
				4EE7773DA1912325243E1605 /* labels_IT.txt in Resources */,
				FBAEEBEA718C491A82C9FBB0 /* labels_JA.txt in Resources */,
				B6D551AF16B579FCCC3CF5B1 /* labels_PO.txt in Resources */,
				34C0B173B436B19D06821201 /* labels_SP.txt in Resources */,
				CD3C967F307FA89B26EC67B4 /* strings_DU.txt in Resources */,
				98201790A1CE0B429E80BD20 /* strings_FR.txt in Resources */,
				D8D3AEC665DC17B7332F8935 /* strings_GE.txt in Resources */,
				7A5882711435E88539930F85 /* strings_IT.txt in Resources */,
				F2BE1C260C7248A142D7B0B0 /* strings_JA.txt in Resources */,
				9A3221900478000FA3246516 /* strings_PO.txt in Resources */,
				2FBDF2134FE66DC29A960180 /* strings_SP.txt in Resources */,
			);
			runOnlyForDeploymentPostprocessing = 0;
		};
/* End PBXResourcesBuildPhase section */

/* Begin PBXShellScriptBuildPhase section */
		89CC1F07E2BE227AFA998ABE /* Build & Embed psx-vcd */ = {
			isa = PBXShellScriptBuildPhase;
			alwaysOutOfDate = 1;
			buildActionMask = 2147483647;
			files = (
			);
			inputFileListPaths = (
			);
			inputPaths = (
				"$(SRCROOT)/Vendor/psx-vcd/Cargo.toml",
				"$(SRCROOT)/Vendor/psx-vcd/Cargo.lock",
				"$(SRCROOT)/Vendor/psx-vcd/src/main.rs",
				"$(SRCROOT)/Vendor/psx-vcd/src/cue.rs",
				"$(SRCROOT)/Vendor/psx-vcd/src/vcd.rs",
				"$(SRCROOT)/Vendor/psx-vcd/src/combiner.rs",
				"$(SRCROOT)/Vendor/psx-vcd/src/utils.rs",
			);
			name = "Build & Embed psx-vcd";
			outputFileListPaths = (
			);
			outputPaths = (
				"$(CODESIGNING_FOLDER_PATH)/Contents/Resources/psxvcd-bin/psx-vcd",
			);
			runOnlyForDeploymentPostprocessing = 0;
			shellPath = /bin/sh;
			shellScript = "\"${SRCROOT}/Scripts/build-psxvcd.sh\"\n";
		};
		91CBD3EB1BE5F80FED3F296E /* Build & Embed cue2pops */ = {
			isa = PBXShellScriptBuildPhase;
			alwaysOutOfDate = 1;
			buildActionMask = 2147483647;
			files = (
			);
			inputFileListPaths = (
			);
			inputPaths = (
				"$(SRCROOT)/Vendor/cue2pops-mac/cue2pops.c",
				"$(SRCROOT)/Vendor/cue2pops-mac/Makefile",
			);
			name = "Build & Embed cue2pops";
			outputFileListPaths = (
			);
			outputPaths = (
				"$(CODESIGNING_FOLDER_PATH)/Contents/Resources/cue2pops-bin/cue2pops",
			);
			runOnlyForDeploymentPostprocessing = 0;
			shellPath = /bin/sh;
			shellScript = "\"${SRCROOT}/Scripts/build-cue2pops.sh\"\n";
		};
		AA68662B0310009976A99C8D /* Embed Privileged Helper */ = {
			isa = PBXShellScriptBuildPhase;
			alwaysOutOfDate = 1;
			buildActionMask = 2147483647;
			files = (
			);
			inputFileListPaths = (
			);
			inputPaths = (
				"$(BUILT_PRODUCTS_DIR)/com.michaeltremblay.machdl.helper",
				"$(SRCROOT)/HelperTool/com.michaeltremblay.machdl.helper.plist",
			);
			name = "Embed Privileged Helper";
			outputFileListPaths = (
			);
			outputPaths = (
				"$(CODESIGNING_FOLDER_PATH)/Contents/Library/HelperTools/com.michaeltremblay.machdl.helper",
				"$(CODESIGNING_FOLDER_PATH)/Contents/Library/LaunchDaemons/com.michaeltremblay.machdl.helper.plist",
			);
			runOnlyForDeploymentPostprocessing = 0;
			shellPath = /bin/sh;
			shellScript = "\"${SRCROOT}/Scripts/embed-helper.sh\"\n";
		};
		C3F2A7089F716E6B68C6D8D3 /* Build & Embed hdl_dump */ = {
			isa = PBXShellScriptBuildPhase;
			alwaysOutOfDate = 1;
			buildActionMask = 2147483647;
			files = (
			);
			inputFileListPaths = (
			);
			inputPaths = (
				"$(SRCROOT)/Vendor/hdl-dump/hdl_dump.c",
				"$(SRCROOT)/Vendor/hdl-dump/Makefile",
				"$(SRCROOT)/Vendor/hdl-dump-macos.patch",
			);
			name = "Build & Embed hdl_dump";
			outputFileListPaths = (
			);
			outputPaths = (
				"$(CODESIGNING_FOLDER_PATH)/Contents/Resources/hdl-dump-bin/hdl_dump",
			);
			runOnlyForDeploymentPostprocessing = 0;
			shellPath = /bin/sh;
			shellScript = "\"${SRCROOT}/Scripts/build-hdl-dump.sh\"\n";
		};
		D3FFEAE972A86370C22D5D1A /* Build & Embed pfsshell */ = {
			isa = PBXShellScriptBuildPhase;
			alwaysOutOfDate = 1;
			buildActionMask = 2147483647;
			files = (
			);
			inputFileListPaths = (
			);
			inputPaths = (
				"$(SRCROOT)/Vendor/pfsshell/meson.build",
				"$(SRCROOT)/Vendor/pfsshell-pfsutil.patch",
				"$(SRCROOT)/Scripts/pfsutil-src/pfsutil.c",
			);
			name = "Build & Embed pfsshell";
			outputFileListPaths = (
			);
			outputPaths = (
				"$(CODESIGNING_FOLDER_PATH)/Contents/Resources/pfsshell-bin/pfsshell",
				"$(CODESIGNING_FOLDER_PATH)/Contents/Resources/pfsshell-bin/pfsutil",
			);
			runOnlyForDeploymentPostprocessing = 0;
			shellPath = /bin/sh;
			shellScript = "\"${SRCROOT}/Scripts/build-pfsshell.sh\"\n";
		};
		D6BFEB119C066A659CED3F48 /* Build & Embed unar */ = {
			isa = PBXShellScriptBuildPhase;
			alwaysOutOfDate = 1;
			buildActionMask = 2147483647;
			files = (
			);
			inputFileListPaths = (
			);
			inputPaths = (
				"$(SRCROOT)/Vendor/XADMaster/XADMaster.xcodeproj/project.pbxproj",
				"$(SRCROOT)/Vendor/XADMaster/unar.m",
				"$(SRCROOT)/Vendor/universal-detector/UniversalDetector.m",
			);
			name = "Build & Embed unar";
			outputFileListPaths = (
			);
			outputPaths = (
				"$(CODESIGNING_FOLDER_PATH)/Contents/Resources/unar-bin/unar",
			);
			runOnlyForDeploymentPostprocessing = 0;
			shellPath = /bin/sh;
			shellScript = "\"${SRCROOT}/Scripts/build-unar.sh\"\n";
		};
		F648E4EC7284C7F0EBA669A6 /* Build & Embed ffmpeg */ = {
			isa = PBXShellScriptBuildPhase;
			alwaysOutOfDate = 1;
			buildActionMask = 2147483647;
			files = (
			);
			inputFileListPaths = (
			);
			inputPaths = (
				"$(SRCROOT)/Vendor/ffmpeg-src/ffmpeg-8.1.2.tar.xz",
				"$(SRCROOT)/Vendor/lame-src/lame-4.0.tar.gz",
			);
			name = "Build & Embed ffmpeg";
			outputFileListPaths = (
			);
			outputPaths = (
				"$(CODESIGNING_FOLDER_PATH)/Contents/Resources/ffmpeg-bin/ffmpeg",
			);
			runOnlyForDeploymentPostprocessing = 0;
			shellPath = /bin/sh;
			shellScript = "\"${SRCROOT}/Scripts/build-ffmpeg.sh\"\n";
		};
/* End PBXShellScriptBuildPhase section */

/* Begin PBXSourcesBuildPhase section */
		3F1EFA4B60ADCB1E286D73ED /* Sources */ = {
			isa = PBXSourcesBuildPhase;
			buildActionMask = 2147483647;
			files = (
				6CDD1C8B1F869D67694745FE /* APATOCParsing.swift in Sources */,
				611469E790B63EBC0750337D /* HDLDumpHelperListenerDelegate.swift in Sources */,
				C738FEF07A895D53E88C361C /* HDLDumpHelperProtocol.swift in Sources */,
				7EB54B2FFE819DC1330F1606 /* HDLDumpHelperService.swift in Sources */,
				5E9C57B99A5D5C611AEE454C /* HelperProcessRunner.swift in Sources */,
				CA14A544AF978B46817D9AAD /* HelperToolBinaryLocator.swift in Sources */,
				8143E4BE8EEB2FB76A2DCC0B /* PFSPartitionSizing.swift in Sources */,
				9543A6354A39BC56D19B966C /* PFSPathComponentValidation.swift in Sources */,
				5D8AE421DBDB3605F2D686F1 /* PFSShellSession.swift in Sources */,
				849017545C53A271E0070758 /* SynchronizedDataBuffer.swift in Sources */,
				C9C3515DC237CAAC4D81DDF9 /* main.swift in Sources */,
			);
			runOnlyForDeploymentPostprocessing = 0;
		};
		49AB31BCB3DABB632758A9C4 /* Sources */ = {
			isa = PBXSourcesBuildPhase;
			buildActionMask = 2147483647;
			files = (
				55697B34D3E0F051D80A8217 /* APATOCParsing.swift in Sources */,
				0CE238AD41728656204DAFC4 /* AddAppSheet.swift in Sources */,
				30E9957C9268702B60D7A73D /* AddAppViewModel.swift in Sources */,
				8E0298274EF91F344B38AEF4 /* AddGameSheet.swift in Sources */,
				6DBEDEA983BEE1754E4D65B4 /* AddPS1GameSheet.swift in Sources */,
				E8E36D128CB2875F96C398C7 /* AddVideoSheet.swift in Sources */,
				3C7977C524A72B99D6BB0182 /* AddVideoViewModel.swift in Sources */,
				FED3B75CB4EBB52BC10C80F5 /* AppArchiveExtractor.swift in Sources */,
				CB0A985B5CAB060FC89FF574 /* AppsDestination.swift in Sources */,
				DB04663BCCD2F88713056B05 /* AppsListView.swift in Sources */,
				A84809F90B569ACBD1638105 /* AppsListViewModel.swift in Sources */,
				143865C0C1C9B39BD01A825A /* AppsService.swift in Sources */,
				5CA989C6582D311BF7E9D5D9 /* BatchAddGameSheet.swift in Sources */,
				0D068E9E19D34962F3D3CFA4 /* BatchAddPS1GameSheet.swift in Sources */,
				31EDD864C133FC5EBD6008D3 /* BatchInstallGameViewModel.swift in Sources */,
				9CC549CFCA7E04EB763EF161 /* BatchInstallPS1GameViewModel.swift in Sources */,
				40710DC0DBCA3669FA8CA57A /* BundledBinaryLocator.swift in Sources */,
				FABBAA3CB3655F23E7EA32AB /* CSVGameListParser.swift in Sources */,
				E565BC0248DB15AAEBC1476B /* ContentView.swift in Sources */,
				BBEB3C3BD3AE01982AADBE23 /* CoreAppsView.swift in Sources */,
				8C9ECCA396AAF4C37CE67E7E /* CueSheetAnalyzer.swift in Sources */,
				9DF617705C7A31D1311FA3A0 /* Disk.swift in Sources */,
				E4A5B954AE3155EF9550FC09 /* DiskDiscoveryService.swift in Sources */,
				D7B836691717E5EEEEA01727 /* DriveListViewModel.swift in Sources */,
				9F5D205AFDCF3FE219AF6215 /* DriveSidebarView.swift in Sources */,
				C706FF7DAE65ACF7DF50BF2F /* FetchPS1ArtworkSheet.swift in Sources */,
				DF3191BD8DE3D0CA07AA3E8C /* FetchPS1ArtworkViewModel.swift in Sources */,
				D81322EE9659FA2472340975 /* FreeHDBootDestinationPaths.swift in Sources */,
				8EE9B4C3D46CD5C9DEC6C8D8 /* FreeHDBootService.swift in Sources */,
				010ADD9F074C7EFC70689831 /* FreeHDBootSetupSheet.swift in Sources */,
				F4DB79FB84A4BE8C9805C8DC /* FreeHDBootSetupViewModel.swift in Sources */,
				A431DB4CAE302CE3D7A70F35 /* FullDiskAccessSheet.swift in Sources */,
				B69D473DC4A00D36727A4B2D /* GameArtworkFetcher.swift in Sources */,
				B472FE13C8BE23EE69F0BBD7 /* GameArtworkService.swift in Sources */,
				242A4BA0502887AE8E0FED29 /* GameInfoSheet.swift in Sources */,
				AA5969B017184B43258383F3 /* GameListView.swift in Sources */,
				9F0E44DBA09F71F8A75F08DC /* GameListViewModel.swift in Sources */,
				0AC8EC4D3D517A9D21A70D27 /* HDLDumpError.swift in Sources */,
				CA6F5B346F6B873F70315DAC /* HDLDumpHelperClient.swift in Sources */,
				9D4ACF2E61E926325EE3CE6A /* HDLDumpHelperProtocol.swift in Sources */,
				C5661D28C4FFC48C5A840D7A /* HDLDumpProgressParser.swift in Sources */,
				D58CFB70ED40559EA3193AB9 /* HDLDumpService.swift in Sources */,
				730DA767F4FA8DD88BDBF867 /* HDLGame.swift in Sources */,
				5C6172BD898949136A5E2B47 /* HelperApprovalSheet.swift in Sources */,
				48BF563B3CB9269889A899FB /* HelperRegistrationViewModel.swift in Sources */,
				1ECB66C2E21B6DFD0A8BE811 /* IdentifiableError.swift in Sources */,
				ED2A311A17CFF651A03873AC /* InstallGameViewModel.swift in Sources */,
				8C1100B5E183BC96A3671331 /* InstallPS1GameViewModel.swift in Sources */,
				39B97DB9357F7531DF6351A0 /* InstalledApp.swift in Sources */,
				3B28E6755302464D7DB1EC6D /* PFSDestinationPaths.swift in Sources */,
				7CE33C76AC5587CD5CC03257 /* PFSPartitionSizing.swift in Sources */,
				9D1447480CD657CE731642DE /* PFSPathComponentValidation.swift in Sources */,
				E103937CF22B89F9D2543C5F /* PS1Game.swift in Sources */,
				81660DC4F303CAD3027E275C /* PS1GameConverter.swift in Sources */,
				534322EA7166852062E6E0FD /* PS1GameIDDetector.swift in Sources */,
				F11F45195F9C19FE1BEA1B13 /* PS1GameListView.swift in Sources */,
				8CAC9326794FEA403135E065 /* PS1GameListViewModel.swift in Sources */,
				FFB8F4EEBEDD600EFADF12F0 /* PS1GameService.swift in Sources */,
				22F3211020A889D8A1DBEBCA /* PopStarterSetupSheet.swift in Sources */,
				121C3929D6E4B841927ABCC2 /* PopStarterSetupViewModel.swift in Sources */,
				B9BA06257DB2CAE694A6052E /* PopStarterSystemFile.swift in Sources */,
				DED3DF5CE32E9FB0FE659F73 /* PopStarterSystemFilesSection.swift in Sources */,
				B9B8EDA3A6570FB82B054700 /* PopStarterSystemFilesService.swift in Sources */,
				D9D55AE48702C54D1ED03B60 /* PopStarterSystemFilesViewModel.swift in Sources */,
				B8776D21F6155FDDCFFCB7A1 /* ProgressSheet.swift in Sources */,
				B67FB88558C212EC6546E423 /* SMSMediaService.swift in Sources */,
				03D3DDFC8156C2F4988DAD38 /* SplitDumpCombiner.swift in Sources */,
				84B88FFD7047A69C7DAE4C34 /* SynchronizedDataBuffer.swift in Sources */,
				D1F348167653AFE8246A6CB5 /* VideoConverter.swift in Sources */,
				6F6B45DB3C428FCF2A339366 /* VideoFile.swift in Sources */,
				48910914142E5E01EF8E5AF3 /* VideoListView.swift in Sources */,
				8DF939D5CD632C74AE535CD8 /* VideoListViewModel.swift in Sources */,
				F723A2AEFFB33F70ADC6D1E4 /* macHDLApp.swift in Sources */,
			);
			runOnlyForDeploymentPostprocessing = 0;
		};
		FB17359FD0790CA27D109B75 /* Sources */ = {
			isa = PBXSourcesBuildPhase;
			buildActionMask = 2147483647;
			files = (
				26D72BA3E200E7235F88CF71 /* AddAppViewModelTests.swift in Sources */,
				DD00D5E016907AFF11870B21 /* AddVideoViewModelTests.swift in Sources */,
				9576875A45F218D9825F9E66 /* AppArchiveExtractorTests.swift in Sources */,
				1A3F5E9F1C71F29EEB657C5E /* AppsDestinationTests.swift in Sources */,
				25CB3A785B81ACEE1F59CF85 /* CSVGameListParserTests.swift in Sources */,
				B990AEFC3D11117A2BAB45FF /* CueSheetAnalyzerTests.swift in Sources */,
				33A9D251018B1D54DFBAE39B /* FreeHDBootDestinationPathsTests.swift in Sources */,
				9932C575E08D0FAF22C03F0B /* HDLDumpProgressParserTests.swift in Sources */,
				6E73D43D4366BA61747863D0 /* PFSDestinationPathsAppsTests.swift in Sources */,
				58C887E107B628694F815A51 /* PFSDestinationPathsSMSMediaTests.swift in Sources */,
				DC97D964B04BBFD456B09511 /* PFSPartitionSizingTests.swift in Sources */,
				A17094758F23A098E6AA1E00 /* PS1GameServiceTests.swift in Sources */,
				A272211C47A5FD94E4B95AF1 /* PopStarterSystemFileTests.swift in Sources */,
				F3A53FE8C7260D948A865C8D /* VideoConverterTests.swift in Sources */,
				A0D661FF04FD37DF9022846B /* VideoFileTests.swift in Sources */,
			);
			runOnlyForDeploymentPostprocessing = 0;
		};
/* End PBXSourcesBuildPhase section */

/* Begin PBXTargetDependency section */
		C0E68A2928228F90CB77B32A /* PBXTargetDependency */ = {
			isa = PBXTargetDependency;
			target = 6AC2FA5C081A2AEC6952D20D /* mac-hdl-gui-helper */;
			targetProxy = 60961C3440E5E5CC367F64C9 /* PBXContainerItemProxy */;
		};
		F98222E7A99660C013E6A7B2 /* PBXTargetDependency */ = {
			isa = PBXTargetDependency;
			target = 114AC74925D75BAAC74CEA02 /* mac-hdl-gui */;
			targetProxy = F6DC785B8A660232353157D7 /* PBXContainerItemProxy */;
		};
/* End PBXTargetDependency section */

/* Begin XCBuildConfiguration section */
		204C024594825E3C48E791E2 /* Release */ = {
			isa = XCBuildConfiguration;
			buildSettings = {
				CODE_SIGNING_ALLOWED = NO;
				COMBINE_HIDPI_IMAGES = YES;
				GENERATE_INFOPLIST_FILE = YES;
				LD_RUNPATH_SEARCH_PATHS = (
					"$(inherited)",
					"@executable_path/../Frameworks",
				);
				PRODUCT_BUNDLE_IDENTIFIER = com.michaeltremblay.machdl.helper;
				PRODUCT_NAME = com.michaeltremblay.machdl.helper;
				SDKROOT = macosx;
				SKIP_INSTALL = YES;
			};
			name = Release;
		};
		46DD4D965D61E685126C45C3 /* Release */ = {
			isa = XCBuildConfiguration;
			buildSettings = {
				ASSETCATALOG_COMPILER_APPICON_NAME = AppIcon;
				CODE_SIGN_ENTITLEMENTS = macHDL.entitlements;
				COMBINE_HIDPI_IMAGES = YES;
				CURRENT_PROJECT_VERSION = 2;
				ENABLE_APP_SANDBOX = NO;
				GENERATE_INFOPLIST_FILE = YES;
				INFOPLIST_KEY_LSApplicationCategoryType = "public.app-category.utilities";
				INFOPLIST_KEY_NSHumanReadableCopyright = "";
				LD_RUNPATH_SEARCH_PATHS = (
					"$(inherited)",
					"@executable_path/../Frameworks",
				);
				MARKETING_VERSION = 1.0.4;
				PRODUCT_BUNDLE_IDENTIFIER = com.michaeltremblay.machdl;
				PRODUCT_NAME = macHDL;
				SDKROOT = macosx;
			};
			name = Release;
		};
		5E5169AAEC50A81E5051CEE4 /* Debug */ = {
			isa = XCBuildConfiguration;
			buildSettings = {
				ASSETCATALOG_COMPILER_APPICON_NAME = AppIcon;
				CODE_SIGN_ENTITLEMENTS = macHDL.entitlements;
				COMBINE_HIDPI_IMAGES = YES;
				CURRENT_PROJECT_VERSION = 2;
				ENABLE_APP_SANDBOX = NO;
				GENERATE_INFOPLIST_FILE = YES;
				INFOPLIST_KEY_LSApplicationCategoryType = "public.app-category.utilities";
				INFOPLIST_KEY_NSHumanReadableCopyright = "";
				LD_RUNPATH_SEARCH_PATHS = (
					"$(inherited)",
					"@executable_path/../Frameworks",
				);
				MARKETING_VERSION = 1.0.4;
				PRODUCT_BUNDLE_IDENTIFIER = com.michaeltremblay.machdl;
				PRODUCT_NAME = macHDL;
				SDKROOT = macosx;
			};
			name = Debug;
		};
		7D937A658A77E0544FEAAD41 /* Debug */ = {
			isa = XCBuildConfiguration;
			buildSettings = {
				ALWAYS_SEARCH_USER_PATHS = NO;
				CLANG_ANALYZER_NONNULL = YES;
				CLANG_ANALYZER_NUMBER_OBJECT_CONVERSION = YES_AGGRESSIVE;
				CLANG_CXX_LANGUAGE_STANDARD = "gnu++14";
				CLANG_CXX_LIBRARY = "libc++";
				CLANG_ENABLE_MODULES = YES;
				CLANG_ENABLE_OBJC_ARC = YES;
				CLANG_ENABLE_OBJC_WEAK = YES;
				CLANG_WARN_BLOCK_CAPTURE_AUTORELEASING = YES;
				CLANG_WARN_BOOL_CONVERSION = YES;
				CLANG_WARN_COMMA = YES;
				CLANG_WARN_CONSTANT_CONVERSION = YES;
				CLANG_WARN_DEPRECATED_OBJC_IMPLEMENTATIONS = YES;
				CLANG_WARN_DIRECT_OBJC_ISA_USAGE = YES_ERROR;
				CLANG_WARN_DOCUMENTATION_COMMENTS = YES;
				CLANG_WARN_EMPTY_BODY = YES;
				CLANG_WARN_ENUM_CONVERSION = YES;
				CLANG_WARN_INFINITE_RECURSION = YES;
				CLANG_WARN_INT_CONVERSION = YES;
				CLANG_WARN_NON_LITERAL_NULL_CONVERSION = YES;
				CLANG_WARN_OBJC_IMPLICIT_RETAIN_SELF = YES;
				CLANG_WARN_OBJC_LITERAL_CONVERSION = YES;
				CLANG_WARN_OBJC_ROOT_CLASS = YES_ERROR;
				CLANG_WARN_QUOTED_INCLUDE_IN_FRAMEWORK_HEADER = YES;
				CLANG_WARN_RANGE_LOOP_ANALYSIS = YES;
				CLANG_WARN_STRICT_PROTOTYPES = YES;
				CLANG_WARN_SUSPICIOUS_MOVE = YES;
				CLANG_WARN_UNGUARDED_AVAILABILITY = YES_AGGRESSIVE;
				CLANG_WARN_UNREACHABLE_CODE = YES;
				CLANG_WARN__DUPLICATE_METHOD_MATCH = YES;
				CODE_SIGN_IDENTITY = "Apple Development";
				CODE_SIGN_STYLE = Automatic;
				COPY_PHASE_STRIP = NO;
				DEBUG_INFORMATION_FORMAT = dwarf;
				DEVELOPMENT_TEAM = 7QW68VQ33R;
				ENABLE_HARDENED_RUNTIME = YES;
				ENABLE_STRICT_OBJC_MSGSEND = YES;
				ENABLE_TESTABILITY = YES;
				GCC_C_LANGUAGE_STANDARD = gnu11;
				GCC_DYNAMIC_NO_PIC = NO;
				GCC_NO_COMMON_BLOCKS = YES;
				GCC_OPTIMIZATION_LEVEL = 0;
				GCC_PREPROCESSOR_DEFINITIONS = (
					"$(inherited)",
					"DEBUG=1",
				);
				GCC_WARN_64_TO_32_BIT_CONVERSION = YES;
				GCC_WARN_ABOUT_RETURN_TYPE = YES_ERROR;
				GCC_WARN_UNDECLARED_SELECTOR = YES;
				GCC_WARN_UNINITIALIZED_AUTOS = YES_AGGRESSIVE;
				GCC_WARN_UNUSED_FUNCTION = YES;
				GCC_WARN_UNUSED_VARIABLE = YES;
				MACOSX_DEPLOYMENT_TARGET = 14.0;
				MTL_ENABLE_DEBUG_INFO = INCLUDE_SOURCE;
				MTL_FAST_MATH = YES;
				ONLY_ACTIVE_ARCH = YES;
				PRODUCT_NAME = "$(TARGET_NAME)";
				SDKROOT = macosx;
				SWIFT_ACTIVE_COMPILATION_CONDITIONS = DEBUG;
				SWIFT_OPTIMIZATION_LEVEL = "-Onone";
				SWIFT_VERSION = 5.0;
			};
			name = Debug;
		};
		9C7F075475FE356DE6FA984E /* Debug */ = {
			isa = XCBuildConfiguration;
			buildSettings = {
				CODE_SIGNING_ALLOWED = NO;
				COMBINE_HIDPI_IMAGES = YES;
				GENERATE_INFOPLIST_FILE = YES;
				LD_RUNPATH_SEARCH_PATHS = (
					"$(inherited)",
					"@executable_path/../Frameworks",
				);
				PRODUCT_BUNDLE_IDENTIFIER = com.michaeltremblay.machdl.helper;
				PRODUCT_NAME = com.michaeltremblay.machdl.helper;
				SDKROOT = macosx;
				SKIP_INSTALL = YES;
			};
			name = Debug;
		};
		CC6092AAC893FC1FCE8AA4E0 /* Release */ = {
			isa = XCBuildConfiguration;
			buildSettings = {
				ALWAYS_SEARCH_USER_PATHS = NO;
				CLANG_ANALYZER_NONNULL = YES;
				CLANG_ANALYZER_NUMBER_OBJECT_CONVERSION = YES_AGGRESSIVE;
				CLANG_CXX_LANGUAGE_STANDARD = "gnu++14";
				CLANG_CXX_LIBRARY = "libc++";
				CLANG_ENABLE_MODULES = YES;
				CLANG_ENABLE_OBJC_ARC = YES;
				CLANG_ENABLE_OBJC_WEAK = YES;
				CLANG_WARN_BLOCK_CAPTURE_AUTORELEASING = YES;
				CLANG_WARN_BOOL_CONVERSION = YES;
				CLANG_WARN_COMMA = YES;
				CLANG_WARN_CONSTANT_CONVERSION = YES;
				CLANG_WARN_DEPRECATED_OBJC_IMPLEMENTATIONS = YES;
				CLANG_WARN_DIRECT_OBJC_ISA_USAGE = YES_ERROR;
				CLANG_WARN_DOCUMENTATION_COMMENTS = YES;
				CLANG_WARN_EMPTY_BODY = YES;
				CLANG_WARN_ENUM_CONVERSION = YES;
				CLANG_WARN_INFINITE_RECURSION = YES;
				CLANG_WARN_INT_CONVERSION = YES;
				CLANG_WARN_NON_LITERAL_NULL_CONVERSION = YES;
				CLANG_WARN_OBJC_IMPLICIT_RETAIN_SELF = YES;
				CLANG_WARN_OBJC_LITERAL_CONVERSION = YES;
				CLANG_WARN_OBJC_ROOT_CLASS = YES_ERROR;
				CLANG_WARN_QUOTED_INCLUDE_IN_FRAMEWORK_HEADER = YES;
				CLANG_WARN_RANGE_LOOP_ANALYSIS = YES;
				CLANG_WARN_STRICT_PROTOTYPES = YES;
				CLANG_WARN_SUSPICIOUS_MOVE = YES;
				CLANG_WARN_UNGUARDED_AVAILABILITY = YES_AGGRESSIVE;
				CLANG_WARN_UNREACHABLE_CODE = YES;
				CLANG_WARN__DUPLICATE_METHOD_MATCH = YES;
				CODE_SIGN_IDENTITY = "Apple Development";
				CODE_SIGN_STYLE = Automatic;
				COPY_PHASE_STRIP = NO;
				DEBUG_INFORMATION_FORMAT = "dwarf-with-dsym";
				DEVELOPMENT_TEAM = 7QW68VQ33R;
				ENABLE_HARDENED_RUNTIME = YES;
				ENABLE_NS_ASSERTIONS = NO;
				ENABLE_STRICT_OBJC_MSGSEND = YES;
				GCC_C_LANGUAGE_STANDARD = gnu11;
				GCC_NO_COMMON_BLOCKS = YES;
				GCC_WARN_64_TO_32_BIT_CONVERSION = YES;
				GCC_WARN_ABOUT_RETURN_TYPE = YES_ERROR;
				GCC_WARN_UNDECLARED_SELECTOR = YES;
				GCC_WARN_UNINITIALIZED_AUTOS = YES_AGGRESSIVE;
				GCC_WARN_UNUSED_FUNCTION = YES;
				GCC_WARN_UNUSED_VARIABLE = YES;
				MACOSX_DEPLOYMENT_TARGET = 14.0;
				MTL_ENABLE_DEBUG_INFO = NO;
				MTL_FAST_MATH = YES;
				PRODUCT_NAME = "$(TARGET_NAME)";
				SDKROOT = macosx;
				SWIFT_COMPILATION_MODE = wholemodule;
				SWIFT_OPTIMIZATION_LEVEL = "-O";
				SWIFT_VERSION = 5.0;
			};
			name = Release;
		};
		D5652B54D29D7E67849079FE /* Release */ = {
			isa = XCBuildConfiguration;
			buildSettings = {
				BUNDLE_LOADER = "$(TEST_HOST)";
				COMBINE_HIDPI_IMAGES = YES;
				GENERATE_INFOPLIST_FILE = YES;
				LD_RUNPATH_SEARCH_PATHS = (
					"$(inherited)",
					"@executable_path/../Frameworks",
					"@loader_path/../Frameworks",
				);
				PRODUCT_BUNDLE_IDENTIFIER = "com.michaeltremblay.mac-hdl-guiTests";
				SDKROOT = macosx;
				TEST_HOST = "$(BUILT_PRODUCTS_DIR)/macHDL.app/Contents/MacOS/macHDL";
			};
			name = Release;
		};
		F46C16F43484419D81D293E3 /* Debug */ = {
			isa = XCBuildConfiguration;
			buildSettings = {
				BUNDLE_LOADER = "$(TEST_HOST)";
				COMBINE_HIDPI_IMAGES = YES;
				GENERATE_INFOPLIST_FILE = YES;
				LD_RUNPATH_SEARCH_PATHS = (
					"$(inherited)",
					"@executable_path/../Frameworks",
					"@loader_path/../Frameworks",
				);
				PRODUCT_BUNDLE_IDENTIFIER = "com.michaeltremblay.mac-hdl-guiTests";
				SDKROOT = macosx;
				TEST_HOST = "$(BUILT_PRODUCTS_DIR)/macHDL.app/Contents/MacOS/macHDL";
			};
			name = Debug;
		};
/* End XCBuildConfiguration section */

/* Begin XCConfigurationList section */
		16226D4439D0BCF329B15B06 /* Build configuration list for PBXNativeTarget "mac-hdl-gui" */ = {
			isa = XCConfigurationList;
			buildConfigurations = (
				5E5169AAEC50A81E5051CEE4 /* Debug */,
				46DD4D965D61E685126C45C3 /* Release */,
			);
			defaultConfigurationIsVisible = 0;
			defaultConfigurationName = Debug;
		};
		9DF5991EBC4D55C9A8A7E573 /* Build configuration list for PBXProject "mac-hdl-gui" */ = {
			isa = XCConfigurationList;
			buildConfigurations = (
				7D937A658A77E0544FEAAD41 /* Debug */,
				CC6092AAC893FC1FCE8AA4E0 /* Release */,
			);
			defaultConfigurationIsVisible = 0;
			defaultConfigurationName = Debug;
		};
		CE5A18C43DD65EFFDF1F209B /* Build configuration list for PBXNativeTarget "mac-hdl-gui-helper" */ = {
			isa = XCConfigurationList;
			buildConfigurations = (
				9C7F075475FE356DE6FA984E /* Debug */,
				204C024594825E3C48E791E2 /* Release */,
			);
			defaultConfigurationIsVisible = 0;
			defaultConfigurationName = Debug;
		};
		EF66AC910B8D4A6911F14593 /* Build configuration list for PBXNativeTarget "mac-hdl-guiTests" */ = {
			isa = XCConfigurationList;
			buildConfigurations = (
				F46C16F43484419D81D293E3 /* Debug */,
				D5652B54D29D7E67849079FE /* Release */,
			);
			defaultConfigurationIsVisible = 0;
			defaultConfigurationName = Debug;
		};
/* End XCConfigurationList section */
	};
	rootObject = E0D2CF7EB43FBC3F08B1457E /* Project object */;
}
